// !$*UTF8*$!
{
	archiveVersion = 1;
	classes = {
	};
	objectVersion = 46;
	objects = {

/* Begin PBXBuildFile section */
		3FD3366B19C2F01B002E178B /* AppDelegate.swift in Sources */ = {isa = PBXBuildFile; fileRef = 3FD3366A19C2F01B002E178B /* AppDelegate.swift */; };
		3FD3366D19C2F01B002E178B /* ViewController.swift in Sources */ = {isa = PBXBuildFile; fileRef = 3FD3366C19C2F01B002E178B /* ViewController.swift */; };
		3FD3367019C2F01C002E178B /* Main.storyboard in Resources */ = {isa = PBXBuildFile; fileRef = 3FD3366E19C2F01C002E178B /* Main.storyboard */; };
		3FD3367219C2F01C002E178B /* Images.xcassets in Resources */ = {isa = PBXBuildFile; fileRef = 3FD3367119C2F01C002E178B /* Images.xcassets */; };
		3FD3367E19C2F01C002E178B /* TipCalculatorTests.swift in Sources */ = {isa = PBXBuildFile; fileRef = 3FD3367D19C2F01C002E178B /* TipCalculatorTests.swift */; };
		3FD3368819C2F053002E178B /* TipCalculatorModel.swift in Sources */ = {isa = PBXBuildFile; fileRef = 3FD3368719C2F053002E178B /* TipCalculatorModel.swift */; };
/* End PBXBuildFile section */

/* Begin PBXContainerItemProxy section */
		3FD3367819C2F01C002E178B /* PBXContainerItemProxy */ = {
			isa = PBXContainerItemProxy;
			containerPortal = 3FD3365D19C2F01B002E178B /* Project object */;
			proxyType = 1;
			remoteGlobalIDString = 3FD3366419C2F01B002E178B;
			remoteInfo = TipCalculator;
		};
/* End PBXContainerItemProxy section */

/* Begin PBXFileReference section */
		3FD3366519C2F01B002E178B /* TipCalculator.app */ = {isa = PBXFileReference; explicitFileType = wrapper.application; includeInIndex = 0; path = TipCalculator.app; sourceTree = BUILT_PRODUCTS_DIR; };
		3FD3366919C2F01B002E178B /* Info.plist */ = {isa = PBXFileReference; lastKnownFileType = text.plist.xml; path = Info.plist; sourceTree = "<group>"; };
		3FD3366A19C2F01B002E178B /* AppDelegate.swift */ = {isa = PBXFileReference; lastKnownFileType = sourcecode.swift; path = AppDelegate.swift; sourceTree = "<group>"; };
		3FD3366C19C2F01B002E178B /* ViewController.swift */ = {isa = PBXFileReference; lastKnownFileType = sourcecode.swift; path = ViewController.swift; sourceTree = "<group>"; };
		3FD3366F19C2F01C002E178B /* Base */ = {isa = PBXFileReference; lastKnownFileType = file.storyboard; name = Base; path = Base.lproj/Main.storyboard; sourceTree = "<group>"; };
		3FD3367119C2F01C002E178B /* Images.xcassets */ = {isa = PBXFileReference; lastKnownFileType = folder.assetcatalog; path = Images.xcassets; sourceTree = "<group>"; };
		3FD3367719C2F01C002E178B /* TipCalculatorTests.xctest */ = {isa = PBXFileReference; explicitFileType = wrapper.cfbundle; includeInIndex = 0; path = TipCalculatorTests.xctest; sourceTree = BUILT_PRODUCTS_DIR; };
		3FD3367C19C2F01C002E178B /* Info.plist */ = {isa = PBXFileReference; lastKnownFileType = text.plist.xml; path = Info.plist; sourceTree = "<group>"; };
		3FD3367D19C2F01C002E178B /* TipCalculatorTests.swift */ = {isa = PBXFileReference; lastKnownFileType = sourcecode.swift; path = TipCalculatorTests.swift; sourceTree = "<group>"; };
		3FD3368719C2F053002E178B /* TipCalculatorModel.swift */ = {isa = PBXFileReference; fileEncoding = 4; lastKnownFileType = sourcecode.swift; path = TipCalculatorModel.swift; sourceTree = "<group>"; };
/* End PBXFileReference section */

/* Begin PBXFrameworksBuildPhase section */
		3FD3366219C2F01B002E178B /* Frameworks */ = {
			isa = PBXFrameworksBuildPhase;
			buildActionMask = 2147483647;
			files = (
			);
			runOnlyForDeploymentPostprocessing = 0;
		};
		3FD3367419C2F01C002E178B /* Frameworks */ = {
			isa = PBXFrameworksBuildPhase;
			buildActionMask = 2147483647;
			files = (
			);
			runOnlyForDeploymentPostprocessing = 0;
		};
/* End PBXFrameworksBuildPhase section */

/* Begin PBXGroup section */
		3FD3365C19C2F01B002E178B = {
			isa = PBXGroup;
			children = (
				3FD3366719C2F01B002E178B /* TipCalculator */,
				3FD3367A19C2F01C002E178B /* TipCalculatorTests */,
				3FD3366619C2F01B002E178B /* Products */,
			);
			sourceTree = "<group>";
		};
		3FD3366619C2F01B002E178B /* Products */ = {
			isa = PBXGroup;
			children = (
				3FD3366519C2F01B002E178B /* TipCalculator.app */,
				3FD3367719C2F01C002E178B /* TipCalculatorTests.xctest */,
			);
			name = Products;
			sourceTree = "<group>";
		};
		3FD3366719C2F01B002E178B /* TipCalculator */ = {
			isa = PBXGroup;
			children = (
				3FD3366A19C2F01B002E178B /* AppDelegate.swift */,
				3FD3366C19C2F01B002E178B /* ViewController.swift */,
				3FD3366E19C2F01C002E178B /* Main.storyboard */,
				3FD3367119C2F01C002E178B /* Images.xcassets */,
				3FD3366819C2F01B002E178B /* Supporting Files */,
				3FD3368719C2F053002E178B /* TipCalculatorModel.swift */,
			);
			path = TipCalculator;
			sourceTree = "<group>";
		};
		3FD3366819C2F01B002E178B /* Supporting Files */ = {
			isa = PBXGroup;
			children = (
				3FD3366919C2F01B002E178B /* Info.plist */,
			);
			name = "Supporting Files";
			sourceTree = "<group>";
		};
		3FD3367A19C2F01C002E178B /* TipCalculatorTests */ = {
			isa = PBXGroup;
			children = (
				3FD3367D19C2F01C002E178B /* TipCalculatorTests.swift */,
				3FD3367B19C2F01C002E178B /* Supporting Files */,
			);
			path = TipCalculatorTests;
			sourceTree = "<group>";
		};
		3FD3367B19C2F01C002E178B /* Supporting Files */ = {
			isa = PBXGroup;
			children = (
				3FD3367C19C2F01C002E178B /* Info.plist */,
			);
			name = "Supporting Files";
			sourceTree = "<group>";
		};
/* End PBXGroup section */

/* Begin PBXNativeTarget section */
		3FD3366419C2F01B002E178B /* TipCalculator */ = {
			isa = PBXNativeTarget;
			buildConfigurationList = 3FD3368119C2F01C002E178B /* Build configuration list for PBXNativeTarget "TipCalculator" */;
			buildPhases = (
				3FD3366119C2F01B002E178B /* Sources */,
				3FD3366219C2F01B002E178B /* Frameworks */,
				3FD3366319C2F01B002E178B /* Resources */,
			);
			buildRules = (
			);
			dependencies = (
			);
			name = TipCalculator;
			productName = TipCalculator;
			productReference = 3FD3366519C2F01B002E178B /* TipCalculator.app */;
			productType = "com.apple.product-type.application";
		};
		3FD3367619C2F01C002E178B /* TipCalculatorTests */ = {
			isa = PBXNativeTarget;
			buildConfigurationList = 3FD3368419C2F01C002E178B /* Build configuration list for PBXNativeTarget "TipCalculatorTests" */;
			buildPhases = (
				3FD3367319C2F01C002E178B /* Sources */,
				3FD3367419C2F01C002E178B /* Frameworks */,
				3FD3367519C2F01C002E178B /* Resources */,
			);
			buildRules = (
			);
			dependencies = (
				3FD3367919C2F01C002E178B /* PBXTargetDependency */,
			);
			name = TipCalculatorTests;
			productName = TipCalculatorTests;
			productReference = 3FD3367719C2F01C002E178B /* TipCalculatorTests.xctest */;
			productType = "com.apple.product-type.bundle.unit-test";
		};
/* End PBXNativeTarget section */

/* Begin PBXProject section */
		3FD3365D19C2F01B002E178B /* Project object */ = {
			isa = PBXProject;
			attributes = {
				LastUpgradeCheck = 0600;
				ORGANIZATIONNAME = student;
				TargetAttributes = {
					3FD3366419C2F01B002E178B = {
						CreatedOnToolsVersion = 6.0;
					};
					3FD3367619C2F01C002E178B = {
						CreatedOnToolsVersion = 6.0;
						TestTargetID = 3FD3366419C2F01B002E178B;
					};
				};
			};
			buildConfigurationList = 3FD3366019C2F01B002E178B /* Build configuration list for PBXProject "TipCalculator" */;
			compatibilityVersion = "Xcode 3.2";
			developmentRegion = English;
			hasScannedForEncodings = 0;
			knownRegions = (
				en,
				Base,
			);
			mainGroup = 3FD3365C19C2F01B002E178B;
			productRefGroup = 3FD3366619C2F01B002E178B /* Products */;
			projectDirPath = "";
			projectRoot = "";
			targets = (
				3FD3366419C2F01B002E178B /* TipCalculator */,
				3FD3367619C2F01C002E178B /* TipCalculatorTests */,
			);
		};
/* End PBXProject section */

/* Begin PBXResourcesBuildPhase section */
		3FD3366319C2F01B002E178B /* Resources */ = {
			isa = PBXResourcesBuildPhase;
			buildActionMask = 2147483647;
			files = (
				3FD3367019C2F01C002E178B /* Main.storyboard in Resources */,
				3FD3367219C2F01C002E178B /* Images.xcassets in Resources */,
			);
			runOnlyForDeploymentPostprocessing = 0;
		};
		3FD3367519C2F01C002E178B /* Resources */ = {
			isa = PBXResourcesBuildPhase;
			buildActionMask = 2147483647;
			files = (
			);
			runOnlyForDeploymentPostprocessing = 0;
		};
/* End PBXResourcesBuildPhase section */

/* Begin PBXSourcesBuildPhase section */
		3FD3366119C2F01B002E178B /* Sources */ = {
			isa = PBXSourcesBuildPhase;
			buildActionMask = 2147483647;
			files = (
				3FD3366D19C2F01B002E178B /* ViewController.swift in Sources */,
				3FD3368819C2F053002E178B /* TipCalculatorModel.swift in Sources */,
				3FD3366B19C2F01B002E178B /* AppDelegate.swift in Sources */,
			);
			runOnlyForDeploymentPostprocessing = 0;
		};
		3FD3367319C2F01C002E178B /* Sources */ = {
			isa = PBXSourcesBuildPhase;
			buildActionMask = 2147483647;
			files = (
				3FD3367E19C2F01C002E178B /* TipCalculatorTests.swift in Sources */,
			);
			runOnlyForDeploymentPostprocessing = 0;
		};
/* End PBXSourcesBuildPhase section */

/* Begin PBXTargetDependency section */
		3FD3367919C2F01C002E178B /* PBXTargetDependency */ = {
			isa = PBXTargetDependency;
			target = 3FD3366419C2F01B002E178B /* TipCalculator */;
			targetProxy = 3FD3367819C2F01C002E178B /* PBXContainerItemProxy */;
		};
/* End PBXTargetDependency section */

/* Begin PBXVariantGroup section */
		3FD3366E19C2F01C002E178B /* Main.storyboard */ = {
			isa = PBXVariantGroup;
			children = (
				3FD3366F19C2F01C002E178B /* Base */,
			);
			name = Main.storyboard;
			sourceTree = "<group>";
		};
/* End PBXVariantGroup section */

/* Begin XCBuildConfiguration section */
		3FD3367F19C2F01C002E178B /* Debug */ = {
			isa = XCBuildConfiguration;
			buildSettings = {
				ALWAYS_SEARCH_USER_PATHS = NO;
				CLANG_CXX_LANGUAGE_STANDARD = "gnu++0x";
				CLANG_CXX_LIBRARY = "libc++";
				CLANG_ENABLE_MODULES = YES;
				CLANG_ENABLE_OBJC_ARC = YES;
				CLANG_WARN_BOOL_CONVERSION = YES;
				CLANG_WARN_CONSTANT_CONVERSION = YES;
				CLANG_WARN_DIRECT_OBJC_ISA_USAGE = YES_ERROR;
				CLANG_WARN_EMPTY_BODY = YES;
				CLANG_WARN_ENUM_CONVERSION = YES;
				CLANG_WARN_INT_CONVERSION = YES;
				CLANG_WARN_OBJC_ROOT_CLASS = YES_ERROR;
				CLANG_WARN_UNREACHABLE_CODE = YES;
				CLANG_WARN__DUPLICATE_METHOD_MATCH = YES;
				"CODE_SIGN_IDENTITY[sdk=iphoneos*]" = "iPhone Developer";
				COPY_PHASE_STRIP = NO;
				ENABLE_STRICT_OBJC_MSGSEND = YES;
				GCC_C_LANGUAGE_STANDARD = gnu99;
				GCC_DYNAMIC_NO_PIC = NO;
				GCC_OPTIMIZATION_LEVEL = 0;
				GCC_PREPROCESSOR_DEFINITIONS = (
					"DEBUG=1",
					"$(inherited)",
				);
				GCC_SYMBOLS_PRIVATE_EXTERN = NO;
				GCC_WARN_64_TO_32_BIT_CONVERSION = YES;
				GCC_WARN_ABOUT_RETURN_TYPE = YES_ERROR;
				GCC_WARN_UNDECLARED_SELECTOR = YES;
				GCC_WARN_UNINITIALIZED_AUTOS = YES_AGGRESSIVE;
				GCC_WARN_UNUSED_FUNCTION = YES;
				GCC_WARN_UNUSED_VARIABLE = YES;
				IPHONEOS_DEPLOYMENT_TARGET = 8.0;
				MTL_ENABLE_DEBUG_INFO = YES;
				ONLY_ACTIVE_ARCH = YES;
				SDKROOT = iphoneos;
				SWIFT_OPTIMIZATION_LEVEL = "-Onone";
			};
			name = Debug;
		};
		3FD3368019C2F01C002E178B /* Release */ = {
			isa = XCBuildConfiguration;
			buildSettings = {
				ALWAYS_SEARCH_USER_PATHS = NO;
				CLANG_CXX_LANGUAGE_STANDARD = "gnu++0x";
				CLANG_CXX_LIBRARY = "libc++";
				CLANG_ENABLE_MODULES = YES;
				CLANG_ENABLE_OBJC_ARC = YES;
				CLANG_WARN_BOOL_CONVERSION = YES;
				CLANG_WARN_CONSTANT_CONVERSION = YES;
				CLANG_WARN_DIRECT_OBJC_ISA_USAGE = YES_ERROR;
				CLANG_WARN_EMPTY_BODY = YES;
				CLANG_WARN_ENUM_CONVERSION = YES;
				CLANG_WARN_INT_CONVERSION = YES;
				CLANG_WARN_OBJC_ROOT_CLASS = YES_ERROR;
				CLANG_WARN_UNREACHABLE_CODE = YES;
				CLANG_WARN__DUPLICATE_METHOD_MATCH = YES;
				"CODE_SIGN_IDENTITY[sdk=iphoneos*]" = "iPhone Developer";
				COPY_PHASE_STRIP = YES;
				ENABLE_NS_ASSERTIONS = NO;
				ENABLE_STRICT_OBJC_MSGSEND = YES;
				GCC_C_LANGUAGE_STANDARD = gnu99;
				GCC_WARN_64_TO_32_BIT_CONVERSION = YES;
				GCC_WARN_ABOUT_RETURN_TYPE = YES_ERROR;
				GCC_WARN_UNDECLARED_SELECTOR = YES;
				GCC_WARN_UNINITIALIZED_AUTOS = YES_AGGRESSIVE;
				GCC_WARN_UNUSED_FUNCTION = YES;
				GCC_WARN_UNUSED_VARIABLE = YES;
				IPHONEOS_DEPLOYMENT_TARGET = 8.0;
				MTL_ENABLE_DEBUG_INFO = NO;
				SDKROOT = iphoneos;
				VALIDATE_PRODUCT = YES;
			};
			name = Release;
		};
		3FD3368219C2F01C002E178B /* Debug */ = {
			isa = XCBuildConfiguration;
			buildSettings = {
				ASSETCATALOG_COMPILER_APPICON_NAME = AppIcon;
				ASSETCATALOG_COMPILER_LAUNCHIMAGE_NAME = LaunchImage;
				INFOPLIST_FILE = TipCalculator/Info.plist;
				LD_RUNPATH_SEARCH_PATHS = "$(inherited) @executable_path/Frameworks";
				PRODUCT_NAME = "$(TARGET_NAME)";
			};
			name = Debug;
		};
		3FD3368319C2F01C002E178B /* Release */ = {
			isa = XCBuildConfiguration;
			buildSettings = {
				ASSETCATALOG_COMPILER_APPICON_NAME = AppIcon;
				ASSETCATALOG_COMPILER_LAUNCHIMAGE_NAME = LaunchImage;
				INFOPLIST_FILE = TipCalculator/Info.plist;
				LD_RUNPATH_SEARCH_PATHS = "$(inherited) @executable_path/Frameworks";
				PRODUCT_NAME = "$(TARGET_NAME)";
			};
			name = Release;
		};
		3FD3368519C2F01C002E178B /* Debug */ = {
			isa = XCBuildConfiguration;
			buildSettings = {
				BUNDLE_LOADER = "$(BUILT_PRODUCTS_DIR)/TipCalculator.app/TipCalculator";
				FRAMEWORK_SEARCH_PATHS = (
					"$(SDKROOT)/Developer/Library/Frameworks",
					"$(inherited)",
				);
				GCC_PREPROCESSOR_DEFINITIONS = (
					"DEBUG=1",
					"$(inherited)",
				);
				INFOPLIST_FILE = TipCalculatorTests/Info.plist;
				LD_RUNPATH_SEARCH_PATHS = "$(inherited) @executable_path/Frameworks @loader_path/Frameworks";
				PRODUCT_NAME = "$(TARGET_NAME)";
				TEST_HOST = "$(BUNDLE_LOADER)";
			};
			name = Debug;
		};
		3FD3368619C2F01C002E178B /* Release */ = {
			isa = XCBuildConfiguration;
			buildSettings = {
				BUNDLE_LOADER = "$(BUILT_PRODUCTS_DIR)/TipCalculator.app/TipCalculator";
				FRAMEWORK_SEARCH_PATHS = (
					"$(SDKROOT)/Developer/Library/Frameworks",
					"$(inherited)",
				);
				INFOPLIST_FILE = TipCalculatorTests/Info.plist;
				LD_RUNPATH_SEARCH_PATHS = "$(inherited) @executable_path/Frameworks @loader_path/Frameworks";
				PRODUCT_NAME = "$(TARGET_NAME)";
				TEST_HOST = "$(BUNDLE_LOADER)";
			};
			name = Release;
		};
/* End XCBuildConfiguration section */

/* Begin XCConfigurationList section */
		3FD3366019C2F01B002E178B /* Build configuration list for PBXProject "TipCalculator" */ = {
			isa = XCConfigurationList;
			buildConfigurations = (
				3FD3367F19C2F01C002E178B /* Debug */,
				3FD3368019C2F01C002E178B /* Release */,
			);
			defaultConfigurationIsVisible = 0;
			defaultConfigurationName = Release;
		};
		3FD3368119C2F01C002E178B /* Build configuration list for PBXNativeTarget "TipCalculator" */ = {
			isa = XCConfigurationList;
			buildConfigurations = (
				3FD3368219C2F01C002E178B /* Debug */,
				3FD3368319C2F01C002E178B /* Release */,
			);
			defaultConfigurationIsVisible = 0;
		};
		3FD3368419C2F01C002E178B /* Build configuration list for PBXNativeTarget "TipCalculatorTests" */ = {
			isa = XCConfigurationList;
			buildConfigurations = (
				3FD3368519C2F01C002E178B /* Debug */,
				3FD3368619C2F01C002E178B /* Release */,
			);
			defaultConfigurationIsVisible = 0;
		};
/* End XCConfigurationList section */
	};
	rootObject = 3FD3365D19C2F01B002E178B /* Project object */;
}
