// !$*UTF8*$!
{
	archiveVersion = 1;
	classes = {
	};
	objectVersion = 46;
	objects = {

/* Begin PBXBuildFile section */
		3F1097711A0A0FAB00DBFA7A /* ViewControllerTwo.swift in Sources */ = {isa = PBXBuildFile; fileRef = 3F1097701A0A0FAB00DBFA7A /* ViewControllerTwo.swift */; };
		3F5FE4A21A0A08E0005586B4 /* AppDelegate.swift in Sources */ = {isa = PBXBuildFile; fileRef = 3F5FE4A11A0A08E0005586B4 /* AppDelegate.swift */; };
		3F5FE4A51A0A08E0005586B4 /* CoredataSegue.xcdatamodeld in Sources */ = {isa = PBXBuildFile; fileRef = 3F5FE4A31A0A08E0005586B4 /* CoredataSegue.xcdatamodeld */; };
		3F5FE4A71A0A08E0005586B4 /* ViewController.swift in Sources */ = {isa = PBXBuildFile; fileRef = 3F5FE4A61A0A08E0005586B4 /* ViewController.swift */; };
		3F5FE4AA1A0A08E0005586B4 /* Main.storyboard in Resources */ = {isa = PBXBuildFile; fileRef = 3F5FE4A81A0A08E0005586B4 /* Main.storyboard */; };
		3F5FE4AC1A0A08E0005586B4 /* Images.xcassets in Resources */ = {isa = PBXBuildFile; fileRef = 3F5FE4AB1A0A08E0005586B4 /* Images.xcassets */; };
		3F5FE4AF1A0A08E0005586B4 /* LaunchScreen.xib in Resources */ = {isa = PBXBuildFile; fileRef = 3F5FE4AD1A0A08E0005586B4 /* LaunchScreen.xib */; };
		3F5FE4BB1A0A08E0005586B4 /* CoredataSegueTests.swift in Sources */ = {isa = PBXBuildFile; fileRef = 3F5FE4BA1A0A08E0005586B4 /* CoredataSegueTests.swift */; };
/* End PBXBuildFile section */

/* Begin PBXContainerItemProxy section */
		3F5FE4B51A0A08E0005586B4 /* PBXContainerItemProxy */ = {
			isa = PBXContainerItemProxy;
			containerPortal = 3F5FE4941A0A08DF005586B4 /* Project object */;
			proxyType = 1;
			remoteGlobalIDString = 3F5FE49B1A0A08E0005586B4;
			remoteInfo = CoredataSegue;
		};
/* End PBXContainerItemProxy section */

/* Begin PBXFileReference section */
		3F1097701A0A0FAB00DBFA7A /* ViewControllerTwo.swift */ = {isa = PBXFileReference; fileEncoding = 4; lastKnownFileType = sourcecode.swift; name = ViewControllerTwo.swift; path = ../ViewControllerTwo.swift; sourceTree = "<group>"; };
		3F5FE49C1A0A08E0005586B4 /* CoredataSegue.app */ = {isa = PBXFileReference; explicitFileType = wrapper.application; includeInIndex = 0; path = CoredataSegue.app; sourceTree = BUILT_PRODUCTS_DIR; };
		3F5FE4A01A0A08E0005586B4 /* Info.plist */ = {isa = PBXFileReference; lastKnownFileType = text.plist.xml; path = Info.plist; sourceTree = "<group>"; };
		3F5FE4A11A0A08E0005586B4 /* AppDelegate.swift */ = {isa = PBXFileReference; lastKnownFileType = sourcecode.swift; path = AppDelegate.swift; sourceTree = "<group>"; };
		3F5FE4A41A0A08E0005586B4 /* CoredataSegue.xcdatamodel */ = {isa = PBXFileReference; lastKnownFileType = wrapper.xcdatamodel; path = CoredataSegue.xcdatamodel; sourceTree = "<group>"; };
		3F5FE4A61A0A08E0005586B4 /* ViewController.swift */ = {isa = PBXFileReference; lastKnownFileType = sourcecode.swift; path = ViewController.swift; sourceTree = "<group>"; };
		3F5FE4A91A0A08E0005586B4 /* Base */ = {isa = PBXFileReference; lastKnownFileType = file.storyboard; name = Base; path = Base.lproj/Main.storyboard; sourceTree = "<group>"; };
		3F5FE4AB1A0A08E0005586B4 /* Images.xcassets */ = {isa = PBXFileReference; lastKnownFileType = folder.assetcatalog; path = Images.xcassets; sourceTree = "<group>"; };
		3F5FE4AE1A0A08E0005586B4 /* Base */ = {isa = PBXFileReference; lastKnownFileType = file.xib; name = Base; path = Base.lproj/LaunchScreen.xib; sourceTree = "<group>"; };
		3F5FE4B41A0A08E0005586B4 /* CoredataSegueTests.xctest */ = {isa = PBXFileReference; explicitFileType = wrapper.cfbundle; includeInIndex = 0; path = CoredataSegueTests.xctest; sourceTree = BUILT_PRODUCTS_DIR; };
		3F5FE4B91A0A08E0005586B4 /* Info.plist */ = {isa = PBXFileReference; lastKnownFileType = text.plist.xml; path = Info.plist; sourceTree = "<group>"; };
		3F5FE4BA1A0A08E0005586B4 /* CoredataSegueTests.swift */ = {isa = PBXFileReference; lastKnownFileType = sourcecode.swift; path = CoredataSegueTests.swift; sourceTree = "<group>"; };
/* End PBXFileReference section */

/* Begin PBXFrameworksBuildPhase section */
		3F5FE4991A0A08E0005586B4 /* Frameworks */ = {
			isa = PBXFrameworksBuildPhase;
			buildActionMask = 2147483647;
			files = (
			);
			runOnlyForDeploymentPostprocessing = 0;
		};
		3F5FE4B11A0A08E0005586B4 /* Frameworks */ = {
			isa = PBXFrameworksBuildPhase;
			buildActionMask = 2147483647;
			files = (
			);
			runOnlyForDeploymentPostprocessing = 0;
		};
/* End PBXFrameworksBuildPhase section */

/* Begin PBXGroup section */
		3F5FE4931A0A08DF005586B4 = {
			isa = PBXGroup;
			children = (
				3F5FE49E1A0A08E0005586B4 /* CoredataSegue */,
				3F5FE4B71A0A08E0005586B4 /* CoredataSegueTests */,
				3F5FE49D1A0A08E0005586B4 /* Products */,
			);
			sourceTree = "<group>";
		};
		3F5FE49D1A0A08E0005586B4 /* Products */ = {
			isa = PBXGroup;
			children = (
				3F5FE49C1A0A08E0005586B4 /* CoredataSegue.app */,
				3F5FE4B41A0A08E0005586B4 /* CoredataSegueTests.xctest */,
			);
			name = Products;
			sourceTree = "<group>";
		};
		3F5FE49E1A0A08E0005586B4 /* CoredataSegue */ = {
			isa = PBXGroup;
			children = (
				3F1097701A0A0FAB00DBFA7A /* ViewControllerTwo.swift */,
				3F5FE4A11A0A08E0005586B4 /* AppDelegate.swift */,
				3F5FE4A61A0A08E0005586B4 /* ViewController.swift */,
				3F5FE4A81A0A08E0005586B4 /* Main.storyboard */,
				3F5FE4AB1A0A08E0005586B4 /* Images.xcassets */,
				3F5FE4AD1A0A08E0005586B4 /* LaunchScreen.xib */,
				3F5FE4A31A0A08E0005586B4 /* CoredataSegue.xcdatamodeld */,
				3F5FE49F1A0A08E0005586B4 /* Supporting Files */,
			);
			path = CoredataSegue;
			sourceTree = "<group>";
		};
		3F5FE49F1A0A08E0005586B4 /* Supporting Files */ = {
			isa = PBXGroup;
			children = (
				3F5FE4A01A0A08E0005586B4 /* Info.plist */,
			);
			name = "Supporting Files";
			sourceTree = "<group>";
		};
		3F5FE4B71A0A08E0005586B4 /* CoredataSegueTests */ = {
			isa = PBXGroup;
			children = (
				3F5FE4BA1A0A08E0005586B4 /* CoredataSegueTests.swift */,
				3F5FE4B81A0A08E0005586B4 /* Supporting Files */,
			);
			path = CoredataSegueTests;
			sourceTree = "<group>";
		};
		3F5FE4B81A0A08E0005586B4 /* Supporting Files */ = {
			isa = PBXGroup;
			children = (
				3F5FE4B91A0A08E0005586B4 /* Info.plist */,
			);
			name = "Supporting Files";
			sourceTree = "<group>";
		};
/* End PBXGroup section */

/* Begin PBXNativeTarget section */
		3F5FE49B1A0A08E0005586B4 /* CoredataSegue */ = {
			isa = PBXNativeTarget;
			buildConfigurationList = 3F5FE4BE1A0A08E0005586B4 /* Build configuration list for PBXNativeTarget "CoredataSegue" */;
			buildPhases = (
				3F5FE4981A0A08E0005586B4 /* Sources */,
				3F5FE4991A0A08E0005586B4 /* Frameworks */,
				3F5FE49A1A0A08E0005586B4 /* Resources */,
			);
			buildRules = (
			);
			dependencies = (
			);
			name = CoredataSegue;
			productName = CoredataSegue;
			productReference = 3F5FE49C1A0A08E0005586B4 /* CoredataSegue.app */;
			productType = "com.apple.product-type.application";
		};
		3F5FE4B31A0A08E0005586B4 /* CoredataSegueTests */ = {
			isa = PBXNativeTarget;
			buildConfigurationList = 3F5FE4C11A0A08E0005586B4 /* Build configuration list for PBXNativeTarget "CoredataSegueTests" */;
			buildPhases = (
				3F5FE4B01A0A08E0005586B4 /* Sources */,
				3F5FE4B11A0A08E0005586B4 /* Frameworks */,
				3F5FE4B21A0A08E0005586B4 /* Resources */,
			);
			buildRules = (
			);
			dependencies = (
				3F5FE4B61A0A08E0005586B4 /* PBXTargetDependency */,
			);
			name = CoredataSegueTests;
			productName = CoredataSegueTests;
			productReference = 3F5FE4B41A0A08E0005586B4 /* CoredataSegueTests.xctest */;
			productType = "com.apple.product-type.bundle.unit-test";
		};
/* End PBXNativeTarget section */

/* Begin PBXProject section */
		3F5FE4941A0A08DF005586B4 /* Project object */ = {
			isa = PBXProject;
			attributes = {
				LastUpgradeCheck = 0600;
				ORGANIZATIONNAME = student;
				TargetAttributes = {
					3F5FE49B1A0A08E0005586B4 = {
						CreatedOnToolsVersion = 6.0;
					};
					3F5FE4B31A0A08E0005586B4 = {
						CreatedOnToolsVersion = 6.0;
						TestTargetID = 3F5FE49B1A0A08E0005586B4;
					};
				};
			};
			buildConfigurationList = 3F5FE4971A0A08E0005586B4 /* Build configuration list for PBXProject "CoredataSegue" */;
			compatibilityVersion = "Xcode 3.2";
			developmentRegion = English;
			hasScannedForEncodings = 0;
			knownRegions = (
				en,
				Base,
			);
			mainGroup = 3F5FE4931A0A08DF005586B4;
			productRefGroup = 3F5FE49D1A0A08E0005586B4 /* Products */;
			projectDirPath = "";
			projectRoot = "";
			targets = (
				3F5FE49B1A0A08E0005586B4 /* CoredataSegue */,
				3F5FE4B31A0A08E0005586B4 /* CoredataSegueTests */,
			);
		};
/* End PBXProject section */

/* Begin PBXResourcesBuildPhase section */
		3F5FE49A1A0A08E0005586B4 /* Resources */ = {
			isa = PBXResourcesBuildPhase;
			buildActionMask = 2147483647;
			files = (
				3F5FE4AA1A0A08E0005586B4 /* Main.storyboard in Resources */,
				3F5FE4AF1A0A08E0005586B4 /* LaunchScreen.xib in Resources */,
				3F5FE4AC1A0A08E0005586B4 /* Images.xcassets in Resources */,
			);
			runOnlyForDeploymentPostprocessing = 0;
		};
		3F5FE4B21A0A08E0005586B4 /* Resources */ = {
			isa = PBXResourcesBuildPhase;
			buildActionMask = 2147483647;
			files = (
			);
			runOnlyForDeploymentPostprocessing = 0;
		};
/* End PBXResourcesBuildPhase section */

/* Begin PBXSourcesBuildPhase section */
		3F5FE4981A0A08E0005586B4 /* Sources */ = {
			isa = PBXSourcesBuildPhase;
			buildActionMask = 2147483647;
			files = (
				3F5FE4A71A0A08E0005586B4 /* ViewController.swift in Sources */,
				3F5FE4A51A0A08E0005586B4 /* CoredataSegue.xcdatamodeld in Sources */,
				3F5FE4A21A0A08E0005586B4 /* AppDelegate.swift in Sources */,
				3F1097711A0A0FAB00DBFA7A /* ViewControllerTwo.swift in Sources */,
			);
			runOnlyForDeploymentPostprocessing = 0;
		};
		3F5FE4B01A0A08E0005586B4 /* Sources */ = {
			isa = PBXSourcesBuildPhase;
			buildActionMask = 2147483647;
			files = (
				3F5FE4BB1A0A08E0005586B4 /* CoredataSegueTests.swift in Sources */,
			);
			runOnlyForDeploymentPostprocessing = 0;
		};
/* End PBXSourcesBuildPhase section */

/* Begin PBXTargetDependency section */
		3F5FE4B61A0A08E0005586B4 /* PBXTargetDependency */ = {
			isa = PBXTargetDependency;
			target = 3F5FE49B1A0A08E0005586B4 /* CoredataSegue */;
			targetProxy = 3F5FE4B51A0A08E0005586B4 /* PBXContainerItemProxy */;
		};
/* End PBXTargetDependency section */

/* Begin PBXVariantGroup section */
		3F5FE4A81A0A08E0005586B4 /* Main.storyboard */ = {
			isa = PBXVariantGroup;
			children = (
				3F5FE4A91A0A08E0005586B4 /* Base */,
			);
			name = Main.storyboard;
			sourceTree = "<group>";
		};
		3F5FE4AD1A0A08E0005586B4 /* LaunchScreen.xib */ = {
			isa = PBXVariantGroup;
			children = (
				3F5FE4AE1A0A08E0005586B4 /* Base */,
			);
			name = LaunchScreen.xib;
			sourceTree = "<group>";
		};
/* End PBXVariantGroup section */

/* Begin XCBuildConfiguration section */
		3F5FE4BC1A0A08E0005586B4 /* Debug */ = {
			isa = XCBuildConfiguration;
			buildSettings = {
				ALWAYS_SEARCH_USER_PATHS = NO;
				CLANG_CXX_LANGUAGE_STANDARD = "gnu++0x";
				CLANG_CXX_LIBRARY = "libc++";
				CLANG_ENABLE_MODULES = YES;
				CLANG_ENABLE_OBJC_ARC = YES;
				CLANG_WARN_BOOL_CONVERSION = YES;
				CLANG_WARN_CONSTANT_CONVERSION = YES;
				CLANG_WARN_DIRECT_OBJC_ISA_USAGE = YES_ERROR;
				CLANG_WARN_EMPTY_BODY = YES;
				CLANG_WARN_ENUM_CONVERSION = YES;
				CLANG_WARN_INT_CONVERSION = YES;
				CLANG_WARN_OBJC_ROOT_CLASS = YES_ERROR;
				CLANG_WARN_UNREACHABLE_CODE = YES;
				CLANG_WARN__DUPLICATE_METHOD_MATCH = YES;
				"CODE_SIGN_IDENTITY[sdk=iphoneos*]" = "iPhone Developer";
				COPY_PHASE_STRIP = NO;
				ENABLE_STRICT_OBJC_MSGSEND = YES;
				GCC_C_LANGUAGE_STANDARD = gnu99;
				GCC_DYNAMIC_NO_PIC = NO;
				GCC_OPTIMIZATION_LEVEL = 0;
				GCC_PREPROCESSOR_DEFINITIONS = (
					"DEBUG=1",
					"$(inherited)",
				);
				GCC_SYMBOLS_PRIVATE_EXTERN = NO;
				GCC_WARN_64_TO_32_BIT_CONVERSION = YES;
				GCC_WARN_ABOUT_RETURN_TYPE = YES_ERROR;
				GCC_WARN_UNDECLARED_SELECTOR = YES;
				GCC_WARN_UNINITIALIZED_AUTOS = YES_AGGRESSIVE;
				GCC_WARN_UNUSED_FUNCTION = YES;
				GCC_WARN_UNUSED_VARIABLE = YES;
				IPHONEOS_DEPLOYMENT_TARGET = 8.0;
				MTL_ENABLE_DEBUG_INFO = YES;
				ONLY_ACTIVE_ARCH = YES;
				SDKROOT = iphoneos;
				SWIFT_OPTIMIZATION_LEVEL = "-Onone";
			};
			name = Debug;
		};
		3F5FE4BD1A0A08E0005586B4 /* Release */ = {
			isa = XCBuildConfiguration;
			buildSettings = {
				ALWAYS_SEARCH_USER_PATHS = NO;
				CLANG_CXX_LANGUAGE_STANDARD = "gnu++0x";
				CLANG_CXX_LIBRARY = "libc++";
				CLANG_ENABLE_MODULES = YES;
				CLANG_ENABLE_OBJC_ARC = YES;
				CLANG_WARN_BOOL_CONVERSION = YES;
				CLANG_WARN_CONSTANT_CONVERSION = YES;
				CLANG_WARN_DIRECT_OBJC_ISA_USAGE = YES_ERROR;
				CLANG_WARN_EMPTY_BODY = YES;
				CLANG_WARN_ENUM_CONVERSION = YES;
				CLANG_WARN_INT_CONVERSION = YES;
				CLANG_WARN_OBJC_ROOT_CLASS = YES_ERROR;
				CLANG_WARN_UNREACHABLE_CODE = YES;
				CLANG_WARN__DUPLICATE_METHOD_MATCH = YES;
				"CODE_SIGN_IDENTITY[sdk=iphoneos*]" = "iPhone Developer";
				COPY_PHASE_STRIP = YES;
				ENABLE_NS_ASSERTIONS = NO;
				ENABLE_STRICT_OBJC_MSGSEND = YES;
				GCC_C_LANGUAGE_STANDARD = gnu99;
				GCC_WARN_64_TO_32_BIT_CONVERSION = YES;
				GCC_WARN_ABOUT_RETURN_TYPE = YES_ERROR;
				GCC_WARN_UNDECLARED_SELECTOR = YES;
				GCC_WARN_UNINITIALIZED_AUTOS = YES_AGGRESSIVE;
				GCC_WARN_UNUSED_FUNCTION = YES;
				GCC_WARN_UNUSED_VARIABLE = YES;
				IPHONEOS_DEPLOYMENT_TARGET = 8.0;
				MTL_ENABLE_DEBUG_INFO = NO;
				SDKROOT = iphoneos;
				VALIDATE_PRODUCT = YES;
			};
			name = Release;
		};
		3F5FE4BF1A0A08E0005586B4 /* Debug */ = {
			isa = XCBuildConfiguration;
			buildSettings = {
				ASSETCATALOG_COMPILER_APPICON_NAME = AppIcon;
				INFOPLIST_FILE = CoredataSegue/Info.plist;
				LD_RUNPATH_SEARCH_PATHS = "$(inherited) @executable_path/Frameworks";
				PRODUCT_NAME = "$(TARGET_NAME)";
			};
			name = Debug;
		};
		3F5FE4C01A0A08E0005586B4 /* Release */ = {
			isa = XCBuildConfiguration;
			buildSettings = {
				ASSETCATALOG_COMPILER_APPICON_NAME = AppIcon;
				INFOPLIST_FILE = CoredataSegue/Info.plist;
				LD_RUNPATH_SEARCH_PATHS = "$(inherited) @executable_path/Frameworks";
				PRODUCT_NAME = "$(TARGET_NAME)";
			};
			name = Release;
		};
		3F5FE4C21A0A08E0005586B4 /* Debug */ = {
			isa = XCBuildConfiguration;
			buildSettings = {
				BUNDLE_LOADER = "$(TEST_HOST)";
				FRAMEWORK_SEARCH_PATHS = (
					"$(SDKROOT)/Developer/Library/Frameworks",
					"$(inherited)",
				);
				GCC_PREPROCESSOR_DEFINITIONS = (
					"DEBUG=1",
					"$(inherited)",
				);
				INFOPLIST_FILE = CoredataSegueTests/Info.plist;
				LD_RUNPATH_SEARCH_PATHS = "$(inherited) @executable_path/Frameworks @loader_path/Frameworks";
				PRODUCT_NAME = "$(TARGET_NAME)";
				TEST_HOST = "$(BUILT_PRODUCTS_DIR)/CoredataSegue.app/CoredataSegue";
			};
			name = Debug;
		};
		3F5FE4C31A0A08E0005586B4 /* Release */ = {
			isa = XCBuildConfiguration;
			buildSettings = {
				BUNDLE_LOADER = "$(TEST_HOST)";
				FRAMEWORK_SEARCH_PATHS = (
					"$(SDKROOT)/Developer/Library/Frameworks",
					"$(inherited)",
				);
				INFOPLIST_FILE = CoredataSegueTests/Info.plist;
				LD_RUNPATH_SEARCH_PATHS = "$(inherited) @executable_path/Frameworks @loader_path/Frameworks";
				PRODUCT_NAME = "$(TARGET_NAME)";
				TEST_HOST = "$(BUILT_PRODUCTS_DIR)/CoredataSegue.app/CoredataSegue";
			};
			name = Release;
		};
/* End XCBuildConfiguration section */

/* Begin XCConfigurationList section */
		3F5FE4971A0A08E0005586B4 /* Build configuration list for PBXProject "CoredataSegue" */ = {
			isa = XCConfigurationList;
			buildConfigurations = (
				3F5FE4BC1A0A08E0005586B4 /* Debug */,
				3F5FE4BD1A0A08E0005586B4 /* Release */,
			);
			defaultConfigurationIsVisible = 0;
			defaultConfigurationName = Release;
		};
		3F5FE4BE1A0A08E0005586B4 /* Build configuration list for PBXNativeTarget "CoredataSegue" */ = {
			isa = XCConfigurationList;
			buildConfigurations = (
				3F5FE4BF1A0A08E0005586B4 /* Debug */,
				3F5FE4C01A0A08E0005586B4 /* Release */,
			);
			defaultConfigurationIsVisible = 0;
			defaultConfigurationName = Release;
		};
		3F5FE4C11A0A08E0005586B4 /* Build configuration list for PBXNativeTarget "CoredataSegueTests" */ = {
			isa = XCConfigurationList;
			buildConfigurations = (
				3F5FE4C21A0A08E0005586B4 /* Debug */,
				3F5FE4C31A0A08E0005586B4 /* Release */,
			);
			defaultConfigurationIsVisible = 0;
			defaultConfigurationName = Release;
		};
/* End XCConfigurationList section */

/* Begin XCVersionGroup section */
		3F5FE4A31A0A08E0005586B4 /* CoredataSegue.xcdatamodeld */ = {
			isa = XCVersionGroup;
			children = (
				3F5FE4A41A0A08E0005586B4 /* CoredataSegue.xcdatamodel */,
			);
			currentVersion = 3F5FE4A41A0A08E0005586B4 /* CoredataSegue.xcdatamodel */;
			path = CoredataSegue.xcdatamodeld;
			sourceTree = "<group>";
			versionGroupType = wrapper.xcdatamodel;
		};
/* End XCVersionGroup section */
	};
	rootObject = 3F5FE4941A0A08DF005586B4 /* Project object */;
}
