// !$*UTF8*$!
{
	archiveVersion = 1;
	classes = {
	};
	objectVersion = 46;
	objects = {

/* Begin PBXBuildFile section */
		3F58F95A19E7B16800C209F0 /* AppDelegate.swift in Sources */ = {isa = PBXBuildFile; fileRef = 3F58F95919E7B16800C209F0 /* AppDelegate.swift */; };
		3F58F95C19E7B16800C209F0 /* ViewController.swift in Sources */ = {isa = PBXBuildFile; fileRef = 3F58F95B19E7B16800C209F0 /* ViewController.swift */; };
		3F58F95F19E7B16800C209F0 /* Main.storyboard in Resources */ = {isa = PBXBuildFile; fileRef = 3F58F95D19E7B16800C209F0 /* Main.storyboard */; };
		3F58F96119E7B16800C209F0 /* Images.xcassets in Resources */ = {isa = PBXBuildFile; fileRef = 3F58F96019E7B16800C209F0 /* Images.xcassets */; };
		3F58F96419E7B16800C209F0 /* LaunchScreen.xib in Resources */ = {isa = PBXBuildFile; fileRef = 3F58F96219E7B16800C209F0 /* LaunchScreen.xib */; };
		3F58F97019E7B16800C209F0 /* Exam1_55011212169Tests.swift in Sources */ = {isa = PBXBuildFile; fileRef = 3F58F96F19E7B16800C209F0 /* Exam1_55011212169Tests.swift */; };
		3F58F97A19E7B75A00C209F0 /* File.swift in Sources */ = {isa = PBXBuildFile; fileRef = 3F58F97919E7B75A00C209F0 /* File.swift */; };
/* End PBXBuildFile section */

/* Begin PBXContainerItemProxy section */
		3F58F96A19E7B16800C209F0 /* PBXContainerItemProxy */ = {
			isa = PBXContainerItemProxy;
			containerPortal = 3F58F94C19E7B16800C209F0 /* Project object */;
			proxyType = 1;
			remoteGlobalIDString = 3F58F95319E7B16800C209F0;
			remoteInfo = Exam1_55011212169;
		};
/* End PBXContainerItemProxy section */

/* Begin PBXFileReference section */
		3F58F95419E7B16800C209F0 /* Exam1_55011212169.app */ = {isa = PBXFileReference; explicitFileType = wrapper.application; includeInIndex = 0; path = Exam1_55011212169.app; sourceTree = BUILT_PRODUCTS_DIR; };
		3F58F95819E7B16800C209F0 /* Info.plist */ = {isa = PBXFileReference; lastKnownFileType = text.plist.xml; path = Info.plist; sourceTree = "<group>"; };
		3F58F95919E7B16800C209F0 /* AppDelegate.swift */ = {isa = PBXFileReference; lastKnownFileType = sourcecode.swift; path = AppDelegate.swift; sourceTree = "<group>"; };
		3F58F95B19E7B16800C209F0 /* ViewController.swift */ = {isa = PBXFileReference; lastKnownFileType = sourcecode.swift; path = ViewController.swift; sourceTree = "<group>"; };
		3F58F95E19E7B16800C209F0 /* Base */ = {isa = PBXFileReference; lastKnownFileType = file.storyboard; name = Base; path = Base.lproj/Main.storyboard; sourceTree = "<group>"; };
		3F58F96019E7B16800C209F0 /* Images.xcassets */ = {isa = PBXFileReference; lastKnownFileType = folder.assetcatalog; path = Images.xcassets; sourceTree = "<group>"; };
		3F58F96319E7B16800C209F0 /* Base */ = {isa = PBXFileReference; lastKnownFileType = file.xib; name = Base; path = Base.lproj/LaunchScreen.xib; sourceTree = "<group>"; };
		3F58F96919E7B16800C209F0 /* Exam1_55011212169Tests.xctest */ = {isa = PBXFileReference; explicitFileType = wrapper.cfbundle; includeInIndex = 0; path = Exam1_55011212169Tests.xctest; sourceTree = BUILT_PRODUCTS_DIR; };
		3F58F96E19E7B16800C209F0 /* Info.plist */ = {isa = PBXFileReference; lastKnownFileType = text.plist.xml; path = Info.plist; sourceTree = "<group>"; };
		3F58F96F19E7B16800C209F0 /* Exam1_55011212169Tests.swift */ = {isa = PBXFileReference; lastKnownFileType = sourcecode.swift; path = Exam1_55011212169Tests.swift; sourceTree = "<group>"; };
		3F58F97919E7B75A00C209F0 /* File.swift */ = {isa = PBXFileReference; fileEncoding = 4; lastKnownFileType = sourcecode.swift; path = File.swift; sourceTree = "<group>"; };
/* End PBXFileReference section */

/* Begin PBXFrameworksBuildPhase section */
		3F58F95119E7B16800C209F0 /* Frameworks */ = {
			isa = PBXFrameworksBuildPhase;
			buildActionMask = 2147483647;
			files = (
			);
			runOnlyForDeploymentPostprocessing = 0;
		};
		3F58F96619E7B16800C209F0 /* Frameworks */ = {
			isa = PBXFrameworksBuildPhase;
			buildActionMask = 2147483647;
			files = (
			);
			runOnlyForDeploymentPostprocessing = 0;
		};
/* End PBXFrameworksBuildPhase section */

/* Begin PBXGroup section */
		3F58F94B19E7B16800C209F0 = {
			isa = PBXGroup;
			children = (
				3F58F95619E7B16800C209F0 /* Exam1_55011212169 */,
				3F58F96C19E7B16800C209F0 /* Exam1_55011212169Tests */,
				3F58F95519E7B16800C209F0 /* Products */,
			);
			sourceTree = "<group>";
		};
		3F58F95519E7B16800C209F0 /* Products */ = {
			isa = PBXGroup;
			children = (
				3F58F95419E7B16800C209F0 /* Exam1_55011212169.app */,
				3F58F96919E7B16800C209F0 /* Exam1_55011212169Tests.xctest */,
			);
			name = Products;
			sourceTree = "<group>";
		};
		3F58F95619E7B16800C209F0 /* Exam1_55011212169 */ = {
			isa = PBXGroup;
			children = (
				3F58F95919E7B16800C209F0 /* AppDelegate.swift */,
				3F58F95B19E7B16800C209F0 /* ViewController.swift */,
				3F58F95D19E7B16800C209F0 /* Main.storyboard */,
				3F58F97919E7B75A00C209F0 /* File.swift */,
				3F58F96019E7B16800C209F0 /* Images.xcassets */,
				3F58F96219E7B16800C209F0 /* LaunchScreen.xib */,
				3F58F95719E7B16800C209F0 /* Supporting Files */,
			);
			path = Exam1_55011212169;
			sourceTree = "<group>";
		};
		3F58F95719E7B16800C209F0 /* Supporting Files */ = {
			isa = PBXGroup;
			children = (
				3F58F95819E7B16800C209F0 /* Info.plist */,
			);
			name = "Supporting Files";
			sourceTree = "<group>";
		};
		3F58F96C19E7B16800C209F0 /* Exam1_55011212169Tests */ = {
			isa = PBXGroup;
			children = (
				3F58F96F19E7B16800C209F0 /* Exam1_55011212169Tests.swift */,
				3F58F96D19E7B16800C209F0 /* Supporting Files */,
			);
			path = Exam1_55011212169Tests;
			sourceTree = "<group>";
		};
		3F58F96D19E7B16800C209F0 /* Supporting Files */ = {
			isa = PBXGroup;
			children = (
				3F58F96E19E7B16800C209F0 /* Info.plist */,
			);
			name = "Supporting Files";
			sourceTree = "<group>";
		};
/* End PBXGroup section */

/* Begin PBXNativeTarget section */
		3F58F95319E7B16800C209F0 /* Exam1_55011212169 */ = {
			isa = PBXNativeTarget;
			buildConfigurationList = 3F58F97319E7B16800C209F0 /* Build configuration list for PBXNativeTarget "Exam1_55011212169" */;
			buildPhases = (
				3F58F95019E7B16800C209F0 /* Sources */,
				3F58F95119E7B16800C209F0 /* Frameworks */,
				3F58F95219E7B16800C209F0 /* Resources */,
			);
			buildRules = (
			);
			dependencies = (
			);
			name = Exam1_55011212169;
			productName = Exam1_55011212169;
			productReference = 3F58F95419E7B16800C209F0 /* Exam1_55011212169.app */;
			productType = "com.apple.product-type.application";
		};
		3F58F96819E7B16800C209F0 /* Exam1_55011212169Tests */ = {
			isa = PBXNativeTarget;
			buildConfigurationList = 3F58F97619E7B16800C209F0 /* Build configuration list for PBXNativeTarget "Exam1_55011212169Tests" */;
			buildPhases = (
				3F58F96519E7B16800C209F0 /* Sources */,
				3F58F96619E7B16800C209F0 /* Frameworks */,
				3F58F96719E7B16800C209F0 /* Resources */,
			);
			buildRules = (
			);
			dependencies = (
				3F58F96B19E7B16800C209F0 /* PBXTargetDependency */,
			);
			name = Exam1_55011212169Tests;
			productName = Exam1_55011212169Tests;
			productReference = 3F58F96919E7B16800C209F0 /* Exam1_55011212169Tests.xctest */;
			productType = "com.apple.product-type.bundle.unit-test";
		};
/* End PBXNativeTarget section */

/* Begin PBXProject section */
		3F58F94C19E7B16800C209F0 /* Project object */ = {
			isa = PBXProject;
			attributes = {
				LastUpgradeCheck = 0600;
				ORGANIZATIONNAME = "Arthur Knopper";
				TargetAttributes = {
					3F58F95319E7B16800C209F0 = {
						CreatedOnToolsVersion = 6.0;
					};
					3F58F96819E7B16800C209F0 = {
						CreatedOnToolsVersion = 6.0;
						TestTargetID = 3F58F95319E7B16800C209F0;
					};
				};
			};
			buildConfigurationList = 3F58F94F19E7B16800C209F0 /* Build configuration list for PBXProject "Exam1_55011212169" */;
			compatibilityVersion = "Xcode 3.2";
			developmentRegion = English;
			hasScannedForEncodings = 0;
			knownRegions = (
				en,
				Base,
			);
			mainGroup = 3F58F94B19E7B16800C209F0;
			productRefGroup = 3F58F95519E7B16800C209F0 /* Products */;
			projectDirPath = "";
			projectRoot = "";
			targets = (
				3F58F95319E7B16800C209F0 /* Exam1_55011212169 */,
				3F58F96819E7B16800C209F0 /* Exam1_55011212169Tests */,
			);
		};
/* End PBXProject section */

/* Begin PBXResourcesBuildPhase section */
		3F58F95219E7B16800C209F0 /* Resources */ = {
			isa = PBXResourcesBuildPhase;
			buildActionMask = 2147483647;
			files = (
				3F58F95F19E7B16800C209F0 /* Main.storyboard in Resources */,
				3F58F96419E7B16800C209F0 /* LaunchScreen.xib in Resources */,
				3F58F96119E7B16800C209F0 /* Images.xcassets in Resources */,
			);
			runOnlyForDeploymentPostprocessing = 0;
		};
		3F58F96719E7B16800C209F0 /* Resources */ = {
			isa = PBXResourcesBuildPhase;
			buildActionMask = 2147483647;
			files = (
			);
			runOnlyForDeploymentPostprocessing = 0;
		};
/* End PBXResourcesBuildPhase section */

/* Begin PBXSourcesBuildPhase section */
		3F58F95019E7B16800C209F0 /* Sources */ = {
			isa = PBXSourcesBuildPhase;
			buildActionMask = 2147483647;
			files = (
				3F58F95C19E7B16800C209F0 /* ViewController.swift in Sources */,
				3F58F97A19E7B75A00C209F0 /* File.swift in Sources */,
				3F58F95A19E7B16800C209F0 /* AppDelegate.swift in Sources */,
			);
			runOnlyForDeploymentPostprocessing = 0;
		};
		3F58F96519E7B16800C209F0 /* Sources */ = {
			isa = PBXSourcesBuildPhase;
			buildActionMask = 2147483647;
			files = (
				3F58F97019E7B16800C209F0 /* Exam1_55011212169Tests.swift in Sources */,
			);
			runOnlyForDeploymentPostprocessing = 0;
		};
/* End PBXSourcesBuildPhase section */

/* Begin PBXTargetDependency section */
		3F58F96B19E7B16800C209F0 /* PBXTargetDependency */ = {
			isa = PBXTargetDependency;
			target = 3F58F95319E7B16800C209F0 /* Exam1_55011212169 */;
			targetProxy = 3F58F96A19E7B16800C209F0 /* PBXContainerItemProxy */;
		};
/* End PBXTargetDependency section */

/* Begin PBXVariantGroup section */
		3F58F95D19E7B16800C209F0 /* Main.storyboard */ = {
			isa = PBXVariantGroup;
			children = (
				3F58F95E19E7B16800C209F0 /* Base */,
			);
			name = Main.storyboard;
			sourceTree = "<group>";
		};
		3F58F96219E7B16800C209F0 /* LaunchScreen.xib */ = {
			isa = PBXVariantGroup;
			children = (
				3F58F96319E7B16800C209F0 /* Base */,
			);
			name = LaunchScreen.xib;
			sourceTree = "<group>";
		};
/* End PBXVariantGroup section */

/* Begin XCBuildConfiguration section */
		3F58F97119E7B16800C209F0 /* Debug */ = {
			isa = XCBuildConfiguration;
			buildSettings = {
				ALWAYS_SEARCH_USER_PATHS = NO;
				CLANG_CXX_LANGUAGE_STANDARD = "gnu++0x";
				CLANG_CXX_LIBRARY = "libc++";
				CLANG_ENABLE_MODULES = YES;
				CLANG_ENABLE_OBJC_ARC = YES;
				CLANG_WARN_BOOL_CONVERSION = YES;
				CLANG_WARN_CONSTANT_CONVERSION = YES;
				CLANG_WARN_DIRECT_OBJC_ISA_USAGE = YES_ERROR;
				CLANG_WARN_EMPTY_BODY = YES;
				CLANG_WARN_ENUM_CONVERSION = YES;
				CLANG_WARN_INT_CONVERSION = YES;
				CLANG_WARN_OBJC_ROOT_CLASS = YES_ERROR;
				CLANG_WARN_UNREACHABLE_CODE = YES;
				CLANG_WARN__DUPLICATE_METHOD_MATCH = YES;
				"CODE_SIGN_IDENTITY[sdk=iphoneos*]" = "iPhone Developer";
				COPY_PHASE_STRIP = NO;
				ENABLE_STRICT_OBJC_MSGSEND = YES;
				GCC_C_LANGUAGE_STANDARD = gnu99;
				GCC_DYNAMIC_NO_PIC = NO;
				GCC_OPTIMIZATION_LEVEL = 0;
				GCC_PREPROCESSOR_DEFINITIONS = (
					"DEBUG=1",
					"$(inherited)",
				);
				GCC_SYMBOLS_PRIVATE_EXTERN = NO;
				GCC_WARN_64_TO_32_BIT_CONVERSION = YES;
				GCC_WARN_ABOUT_RETURN_TYPE = YES_ERROR;
				GCC_WARN_UNDECLARED_SELECTOR = YES;
				GCC_WARN_UNINITIALIZED_AUTOS = YES_AGGRESSIVE;
				GCC_WARN_UNUSED_FUNCTION = YES;
				GCC_WARN_UNUSED_VARIABLE = YES;
				IPHONEOS_DEPLOYMENT_TARGET = 8.0;
				MTL_ENABLE_DEBUG_INFO = YES;
				ONLY_ACTIVE_ARCH = YES;
				SDKROOT = iphoneos;
				SWIFT_OPTIMIZATION_LEVEL = "-Onone";
			};
			name = Debug;
		};
		3F58F97219E7B16800C209F0 /* Release */ = {
			isa = XCBuildConfiguration;
			buildSettings = {
				ALWAYS_SEARCH_USER_PATHS = NO;
				CLANG_CXX_LANGUAGE_STANDARD = "gnu++0x";
				CLANG_CXX_LIBRARY = "libc++";
				CLANG_ENABLE_MODULES = YES;
				CLANG_ENABLE_OBJC_ARC = YES;
				CLANG_WARN_BOOL_CONVERSION = YES;
				CLANG_WARN_CONSTANT_CONVERSION = YES;
				CLANG_WARN_DIRECT_OBJC_ISA_USAGE = YES_ERROR;
				CLANG_WARN_EMPTY_BODY = YES;
				CLANG_WARN_ENUM_CONVERSION = YES;
				CLANG_WARN_INT_CONVERSION = YES;
				CLANG_WARN_OBJC_ROOT_CLASS = YES_ERROR;
				CLANG_WARN_UNREACHABLE_CODE = YES;
				CLANG_WARN__DUPLICATE_METHOD_MATCH = YES;
				"CODE_SIGN_IDENTITY[sdk=iphoneos*]" = "iPhone Developer";
				COPY_PHASE_STRIP = YES;
				ENABLE_NS_ASSERTIONS = NO;
				ENABLE_STRICT_OBJC_MSGSEND = YES;
				GCC_C_LANGUAGE_STANDARD = gnu99;
				GCC_WARN_64_TO_32_BIT_CONVERSION = YES;
				GCC_WARN_ABOUT_RETURN_TYPE = YES_ERROR;
				GCC_WARN_UNDECLARED_SELECTOR = YES;
				GCC_WARN_UNINITIALIZED_AUTOS = YES_AGGRESSIVE;
				GCC_WARN_UNUSED_FUNCTION = YES;
				GCC_WARN_UNUSED_VARIABLE = YES;
				IPHONEOS_DEPLOYMENT_TARGET = 8.0;
				MTL_ENABLE_DEBUG_INFO = NO;
				SDKROOT = iphoneos;
				VALIDATE_PRODUCT = YES;
			};
			name = Release;
		};
		3F58F97419E7B16800C209F0 /* Debug */ = {
			isa = XCBuildConfiguration;
			buildSettings = {
				ASSETCATALOG_COMPILER_APPICON_NAME = AppIcon;
				INFOPLIST_FILE = Exam1_55011212169/Info.plist;
				LD_RUNPATH_SEARCH_PATHS = "$(inherited) @executable_path/Frameworks";
				PRODUCT_NAME = "$(TARGET_NAME)";
			};
			name = Debug;
		};
		3F58F97519E7B16800C209F0 /* Release */ = {
			isa = XCBuildConfiguration;
			buildSettings = {
				ASSETCATALOG_COMPILER_APPICON_NAME = AppIcon;
				INFOPLIST_FILE = Exam1_55011212169/Info.plist;
				LD_RUNPATH_SEARCH_PATHS = "$(inherited) @executable_path/Frameworks";
				PRODUCT_NAME = "$(TARGET_NAME)";
			};
			name = Release;
		};
		3F58F97719E7B16800C209F0 /* Debug */ = {
			isa = XCBuildConfiguration;
			buildSettings = {
				BUNDLE_LOADER = "$(TEST_HOST)";
				FRAMEWORK_SEARCH_PATHS = (
					"$(SDKROOT)/Developer/Library/Frameworks",
					"$(inherited)",
				);
				GCC_PREPROCESSOR_DEFINITIONS = (
					"DEBUG=1",
					"$(inherited)",
				);
				INFOPLIST_FILE = Exam1_55011212169Tests/Info.plist;
				LD_RUNPATH_SEARCH_PATHS = "$(inherited) @executable_path/Frameworks @loader_path/Frameworks";
				PRODUCT_NAME = "$(TARGET_NAME)";
				TEST_HOST = "$(BUILT_PRODUCTS_DIR)/Exam1_55011212169.app/Exam1_55011212169";
			};
			name = Debug;
		};
		3F58F97819E7B16800C209F0 /* Release */ = {
			isa = XCBuildConfiguration;
			buildSettings = {
				BUNDLE_LOADER = "$(TEST_HOST)";
				FRAMEWORK_SEARCH_PATHS = (
					"$(SDKROOT)/Developer/Library/Frameworks",
					"$(inherited)",
				);
				INFOPLIST_FILE = Exam1_55011212169Tests/Info.plist;
				LD_RUNPATH_SEARCH_PATHS = "$(inherited) @executable_path/Frameworks @loader_path/Frameworks";
				PRODUCT_NAME = "$(TARGET_NAME)";
				TEST_HOST = "$(BUILT_PRODUCTS_DIR)/Exam1_55011212169.app/Exam1_55011212169";
			};
			name = Release;
		};
/* End XCBuildConfiguration section */

/* Begin XCConfigurationList section */
		3F58F94F19E7B16800C209F0 /* Build configuration list for PBXProject "Exam1_55011212169" */ = {
			isa = XCConfigurationList;
			buildConfigurations = (
				3F58F97119E7B16800C209F0 /* Debug */,
				3F58F97219E7B16800C209F0 /* Release */,
			);
			defaultConfigurationIsVisible = 0;
			defaultConfigurationName = Release;
		};
		3F58F97319E7B16800C209F0 /* Build configuration list for PBXNativeTarget "Exam1_55011212169" */ = {
			isa = XCConfigurationList;
			buildConfigurations = (
				3F58F97419E7B16800C209F0 /* Debug */,
				3F58F97519E7B16800C209F0 /* Release */,
			);
			defaultConfigurationIsVisible = 0;
		};
		3F58F97619E7B16800C209F0 /* Build configuration list for PBXNativeTarget "Exam1_55011212169Tests" */ = {
			isa = XCConfigurationList;
			buildConfigurations = (
				3F58F97719E7B16800C209F0 /* Debug */,
				3F58F97819E7B16800C209F0 /* Release */,
			);
			defaultConfigurationIsVisible = 0;
		};
/* End XCConfigurationList section */
	};
	rootObject = 3F58F94C19E7B16800C209F0 /* Project object */;
}
