// !$*UTF8*$!
{
	archiveVersion = 1;
	classes = {
	};
	objectVersion = 46;
	objects = {

/* Begin PBXBuildFile section */
		3F4CEAB61A4125AD00B30521 /* AppDelegate.swift in Sources */ = {isa = PBXBuildFile; fileRef = 3F4CEAB51A4125AD00B30521 /* AppDelegate.swift */; };
		3F4CEAB91A4125AD00B30521 /* Exam1_55011212169.xcdatamodeld in Sources */ = {isa = PBXBuildFile; fileRef = 3F4CEAB71A4125AD00B30521 /* Exam1_55011212169.xcdatamodeld */; };
		3F4CEABB1A4125AE00B30521 /* ViewController.swift in Sources */ = {isa = PBXBuildFile; fileRef = 3F4CEABA1A4125AE00B30521 /* ViewController.swift */; };
		3F4CEABE1A4125AE00B30521 /* Main.storyboard in Resources */ = {isa = PBXBuildFile; fileRef = 3F4CEABC1A4125AE00B30521 /* Main.storyboard */; };
		3F4CEAC01A4125AE00B30521 /* Images.xcassets in Resources */ = {isa = PBXBuildFile; fileRef = 3F4CEABF1A4125AE00B30521 /* Images.xcassets */; };
		3F4CEAC31A4125AE00B30521 /* LaunchScreen.xib in Resources */ = {isa = PBXBuildFile; fileRef = 3F4CEAC11A4125AE00B30521 /* LaunchScreen.xib */; };
		3F4CEACF1A4125AE00B30521 /* Exam1_55011212169Tests.swift in Sources */ = {isa = PBXBuildFile; fileRef = 3F4CEACE1A4125AE00B30521 /* Exam1_55011212169Tests.swift */; };
/* End PBXBuildFile section */

/* Begin PBXContainerItemProxy section */
		3F4CEAC91A4125AE00B30521 /* PBXContainerItemProxy */ = {
			isa = PBXContainerItemProxy;
			containerPortal = 3F4CEAA81A4125AD00B30521 /* Project object */;
			proxyType = 1;
			remoteGlobalIDString = 3F4CEAAF1A4125AD00B30521;
			remoteInfo = Exam1_55011212169;
		};
/* End PBXContainerItemProxy section */

/* Begin PBXFileReference section */
		3F4CEAB01A4125AD00B30521 /* Exam1_55011212169.app */ = {isa = PBXFileReference; explicitFileType = wrapper.application; includeInIndex = 0; path = Exam1_55011212169.app; sourceTree = BUILT_PRODUCTS_DIR; };
		3F4CEAB41A4125AD00B30521 /* Info.plist */ = {isa = PBXFileReference; lastKnownFileType = text.plist.xml; path = Info.plist; sourceTree = "<group>"; };
		3F4CEAB51A4125AD00B30521 /* AppDelegate.swift */ = {isa = PBXFileReference; lastKnownFileType = sourcecode.swift; path = AppDelegate.swift; sourceTree = "<group>"; };
		3F4CEAB81A4125AD00B30521 /* Exam1_55011212169.xcdatamodel */ = {isa = PBXFileReference; lastKnownFileType = wrapper.xcdatamodel; path = Exam1_55011212169.xcdatamodel; sourceTree = "<group>"; };
		3F4CEABA1A4125AE00B30521 /* ViewController.swift */ = {isa = PBXFileReference; lastKnownFileType = sourcecode.swift; path = ViewController.swift; sourceTree = "<group>"; };
		3F4CEABD1A4125AE00B30521 /* Base */ = {isa = PBXFileReference; lastKnownFileType = file.storyboard; name = Base; path = Base.lproj/Main.storyboard; sourceTree = "<group>"; };
		3F4CEABF1A4125AE00B30521 /* Images.xcassets */ = {isa = PBXFileReference; lastKnownFileType = folder.assetcatalog; path = Images.xcassets; sourceTree = "<group>"; };
		3F4CEAC21A4125AE00B30521 /* Base */ = {isa = PBXFileReference; lastKnownFileType = file.xib; name = Base; path = Base.lproj/LaunchScreen.xib; sourceTree = "<group>"; };
		3F4CEAC81A4125AE00B30521 /* Exam1_55011212169Tests.xctest */ = {isa = PBXFileReference; explicitFileType = wrapper.cfbundle; includeInIndex = 0; path = Exam1_55011212169Tests.xctest; sourceTree = BUILT_PRODUCTS_DIR; };
		3F4CEACD1A4125AE00B30521 /* Info.plist */ = {isa = PBXFileReference; lastKnownFileType = text.plist.xml; path = Info.plist; sourceTree = "<group>"; };
		3F4CEACE1A4125AE00B30521 /* Exam1_55011212169Tests.swift */ = {isa = PBXFileReference; lastKnownFileType = sourcecode.swift; path = Exam1_55011212169Tests.swift; sourceTree = "<group>"; };
/* End PBXFileReference section */

/* Begin PBXFrameworksBuildPhase section */
		3F4CEAAD1A4125AD00B30521 /* Frameworks */ = {
			isa = PBXFrameworksBuildPhase;
			buildActionMask = 2147483647;
			files = (
			);
			runOnlyForDeploymentPostprocessing = 0;
		};
		3F4CEAC51A4125AE00B30521 /* Frameworks */ = {
			isa = PBXFrameworksBuildPhase;
			buildActionMask = 2147483647;
			files = (
			);
			runOnlyForDeploymentPostprocessing = 0;
		};
/* End PBXFrameworksBuildPhase section */

/* Begin PBXGroup section */
		3F4CEAA71A4125AD00B30521 = {
			isa = PBXGroup;
			children = (
				3F4CEAB21A4125AD00B30521 /* Exam1_55011212169 */,
				3F4CEACB1A4125AE00B30521 /* Exam1_55011212169Tests */,
				3F4CEAB11A4125AD00B30521 /* Products */,
			);
			sourceTree = "<group>";
		};
		3F4CEAB11A4125AD00B30521 /* Products */ = {
			isa = PBXGroup;
			children = (
				3F4CEAB01A4125AD00B30521 /* Exam1_55011212169.app */,
				3F4CEAC81A4125AE00B30521 /* Exam1_55011212169Tests.xctest */,
			);
			name = Products;
			sourceTree = "<group>";
		};
		3F4CEAB21A4125AD00B30521 /* Exam1_55011212169 */ = {
			isa = PBXGroup;
			children = (
				3F4CEAB51A4125AD00B30521 /* AppDelegate.swift */,
				3F4CEABA1A4125AE00B30521 /* ViewController.swift */,
				3F4CEABC1A4125AE00B30521 /* Main.storyboard */,
				3F4CEABF1A4125AE00B30521 /* Images.xcassets */,
				3F4CEAC11A4125AE00B30521 /* LaunchScreen.xib */,
				3F4CEAB71A4125AD00B30521 /* Exam1_55011212169.xcdatamodeld */,
				3F4CEAB31A4125AD00B30521 /* Supporting Files */,
			);
			path = Exam1_55011212169;
			sourceTree = "<group>";
		};
		3F4CEAB31A4125AD00B30521 /* Supporting Files */ = {
			isa = PBXGroup;
			children = (
				3F4CEAB41A4125AD00B30521 /* Info.plist */,
			);
			name = "Supporting Files";
			sourceTree = "<group>";
		};
		3F4CEACB1A4125AE00B30521 /* Exam1_55011212169Tests */ = {
			isa = PBXGroup;
			children = (
				3F4CEACE1A4125AE00B30521 /* Exam1_55011212169Tests.swift */,
				3F4CEACC1A4125AE00B30521 /* Supporting Files */,
			);
			path = Exam1_55011212169Tests;
			sourceTree = "<group>";
		};
		3F4CEACC1A4125AE00B30521 /* Supporting Files */ = {
			isa = PBXGroup;
			children = (
				3F4CEACD1A4125AE00B30521 /* Info.plist */,
			);
			name = "Supporting Files";
			sourceTree = "<group>";
		};
/* End PBXGroup section */

/* Begin PBXNativeTarget section */
		3F4CEAAF1A4125AD00B30521 /* Exam1_55011212169 */ = {
			isa = PBXNativeTarget;
			buildConfigurationList = 3F4CEAD21A4125AE00B30521 /* Build configuration list for PBXNativeTarget "Exam1_55011212169" */;
			buildPhases = (
				3F4CEAAC1A4125AD00B30521 /* Sources */,
				3F4CEAAD1A4125AD00B30521 /* Frameworks */,
				3F4CEAAE1A4125AD00B30521 /* Resources */,
			);
			buildRules = (
			);
			dependencies = (
			);
			name = Exam1_55011212169;
			productName = Exam1_55011212169;
			productReference = 3F4CEAB01A4125AD00B30521 /* Exam1_55011212169.app */;
			productType = "com.apple.product-type.application";
		};
		3F4CEAC71A4125AE00B30521 /* Exam1_55011212169Tests */ = {
			isa = PBXNativeTarget;
			buildConfigurationList = 3F4CEAD51A4125AE00B30521 /* Build configuration list for PBXNativeTarget "Exam1_55011212169Tests" */;
			buildPhases = (
				3F4CEAC41A4125AE00B30521 /* Sources */,
				3F4CEAC51A4125AE00B30521 /* Frameworks */,
				3F4CEAC61A4125AE00B30521 /* Resources */,
			);
			buildRules = (
			);
			dependencies = (
				3F4CEACA1A4125AE00B30521 /* PBXTargetDependency */,
			);
			name = Exam1_55011212169Tests;
			productName = Exam1_55011212169Tests;
			productReference = 3F4CEAC81A4125AE00B30521 /* Exam1_55011212169Tests.xctest */;
			productType = "com.apple.product-type.bundle.unit-test";
		};
/* End PBXNativeTarget section */

/* Begin PBXProject section */
		3F4CEAA81A4125AD00B30521 /* Project object */ = {
			isa = PBXProject;
			attributes = {
				LastUpgradeCheck = 0600;
				ORGANIZATIONNAME = student;
				TargetAttributes = {
					3F4CEAAF1A4125AD00B30521 = {
						CreatedOnToolsVersion = 6.0;
					};
					3F4CEAC71A4125AE00B30521 = {
						CreatedOnToolsVersion = 6.0;
						TestTargetID = 3F4CEAAF1A4125AD00B30521;
					};
				};
			};
			buildConfigurationList = 3F4CEAAB1A4125AD00B30521 /* Build configuration list for PBXProject "Exam1_55011212169" */;
			compatibilityVersion = "Xcode 3.2";
			developmentRegion = English;
			hasScannedForEncodings = 0;
			knownRegions = (
				en,
				Base,
			);
			mainGroup = 3F4CEAA71A4125AD00B30521;
			productRefGroup = 3F4CEAB11A4125AD00B30521 /* Products */;
			projectDirPath = "";
			projectRoot = "";
			targets = (
				3F4CEAAF1A4125AD00B30521 /* Exam1_55011212169 */,
				3F4CEAC71A4125AE00B30521 /* Exam1_55011212169Tests */,
			);
		};
/* End PBXProject section */

/* Begin PBXResourcesBuildPhase section */
		3F4CEAAE1A4125AD00B30521 /* Resources */ = {
			isa = PBXResourcesBuildPhase;
			buildActionMask = 2147483647;
			files = (
				3F4CEABE1A4125AE00B30521 /* Main.storyboard in Resources */,
				3F4CEAC31A4125AE00B30521 /* LaunchScreen.xib in Resources */,
				3F4CEAC01A4125AE00B30521 /* Images.xcassets in Resources */,
			);
			runOnlyForDeploymentPostprocessing = 0;
		};
		3F4CEAC61A4125AE00B30521 /* Resources */ = {
			isa = PBXResourcesBuildPhase;
			buildActionMask = 2147483647;
			files = (
			);
			runOnlyForDeploymentPostprocessing = 0;
		};
/* End PBXResourcesBuildPhase section */

/* Begin PBXSourcesBuildPhase section */
		3F4CEAAC1A4125AD00B30521 /* Sources */ = {
			isa = PBXSourcesBuildPhase;
			buildActionMask = 2147483647;
			files = (
				3F4CEABB1A4125AE00B30521 /* ViewController.swift in Sources */,
				3F4CEAB91A4125AD00B30521 /* Exam1_55011212169.xcdatamodeld in Sources */,
				3F4CEAB61A4125AD00B30521 /* AppDelegate.swift in Sources */,
			);
			runOnlyForDeploymentPostprocessing = 0;
		};
		3F4CEAC41A4125AE00B30521 /* Sources */ = {
			isa = PBXSourcesBuildPhase;
			buildActionMask = 2147483647;
			files = (
				3F4CEACF1A4125AE00B30521 /* Exam1_55011212169Tests.swift in Sources */,
			);
			runOnlyForDeploymentPostprocessing = 0;
		};
/* End PBXSourcesBuildPhase section */

/* Begin PBXTargetDependency section */
		3F4CEACA1A4125AE00B30521 /* PBXTargetDependency */ = {
			isa = PBXTargetDependency;
			target = 3F4CEAAF1A4125AD00B30521 /* Exam1_55011212169 */;
			targetProxy = 3F4CEAC91A4125AE00B30521 /* PBXContainerItemProxy */;
		};
/* End PBXTargetDependency section */

/* Begin PBXVariantGroup section */
		3F4CEABC1A4125AE00B30521 /* Main.storyboard */ = {
			isa = PBXVariantGroup;
			children = (
				3F4CEABD1A4125AE00B30521 /* Base */,
			);
			name = Main.storyboard;
			sourceTree = "<group>";
		};
		3F4CEAC11A4125AE00B30521 /* LaunchScreen.xib */ = {
			isa = PBXVariantGroup;
			children = (
				3F4CEAC21A4125AE00B30521 /* Base */,
			);
			name = LaunchScreen.xib;
			sourceTree = "<group>";
		};
/* End PBXVariantGroup section */

/* Begin XCBuildConfiguration section */
		3F4CEAD01A4125AE00B30521 /* Debug */ = {
			isa = XCBuildConfiguration;
			buildSettings = {
				ALWAYS_SEARCH_USER_PATHS = NO;
				CLANG_CXX_LANGUAGE_STANDARD = "gnu++0x";
				CLANG_CXX_LIBRARY = "libc++";
				CLANG_ENABLE_MODULES = YES;
				CLANG_ENABLE_OBJC_ARC = YES;
				CLANG_WARN_BOOL_CONVERSION = YES;
				CLANG_WARN_CONSTANT_CONVERSION = YES;
				CLANG_WARN_DIRECT_OBJC_ISA_USAGE = YES_ERROR;
				CLANG_WARN_EMPTY_BODY = YES;
				CLANG_WARN_ENUM_CONVERSION = YES;
				CLANG_WARN_INT_CONVERSION = YES;
				CLANG_WARN_OBJC_ROOT_CLASS = YES_ERROR;
				CLANG_WARN_UNREACHABLE_CODE = YES;
				CLANG_WARN__DUPLICATE_METHOD_MATCH = YES;
				"CODE_SIGN_IDENTITY[sdk=iphoneos*]" = "iPhone Developer";
				COPY_PHASE_STRIP = NO;
				ENABLE_STRICT_OBJC_MSGSEND = YES;
				GCC_C_LANGUAGE_STANDARD = gnu99;
				GCC_DYNAMIC_NO_PIC = NO;
				GCC_OPTIMIZATION_LEVEL = 0;
				GCC_PREPROCESSOR_DEFINITIONS = (
					"DEBUG=1",
					"$(inherited)",
				);
				GCC_SYMBOLS_PRIVATE_EXTERN = NO;
				GCC_WARN_64_TO_32_BIT_CONVERSION = YES;
				GCC_WARN_ABOUT_RETURN_TYPE = YES_ERROR;
				GCC_WARN_UNDECLARED_SELECTOR = YES;
				GCC_WARN_UNINITIALIZED_AUTOS = YES_AGGRESSIVE;
				GCC_WARN_UNUSED_FUNCTION = YES;
				GCC_WARN_UNUSED_VARIABLE = YES;
				IPHONEOS_DEPLOYMENT_TARGET = 8.0;
				MTL_ENABLE_DEBUG_INFO = YES;
				ONLY_ACTIVE_ARCH = YES;
				SDKROOT = iphoneos;
				SWIFT_OPTIMIZATION_LEVEL = "-Onone";
			};
			name = Debug;
		};
		3F4CEAD11A4125AE00B30521 /* Release */ = {
			isa = XCBuildConfiguration;
			buildSettings = {
				ALWAYS_SEARCH_USER_PATHS = NO;
				CLANG_CXX_LANGUAGE_STANDARD = "gnu++0x";
				CLANG_CXX_LIBRARY = "libc++";
				CLANG_ENABLE_MODULES = YES;
				CLANG_ENABLE_OBJC_ARC = YES;
				CLANG_WARN_BOOL_CONVERSION = YES;
				CLANG_WARN_CONSTANT_CONVERSION = YES;
				CLANG_WARN_DIRECT_OBJC_ISA_USAGE = YES_ERROR;
				CLANG_WARN_EMPTY_BODY = YES;
				CLANG_WARN_ENUM_CONVERSION = YES;
				CLANG_WARN_INT_CONVERSION = YES;
				CLANG_WARN_OBJC_ROOT_CLASS = YES_ERROR;
				CLANG_WARN_UNREACHABLE_CODE = YES;
				CLANG_WARN__DUPLICATE_METHOD_MATCH = YES;
				"CODE_SIGN_IDENTITY[sdk=iphoneos*]" = "iPhone Developer";
				COPY_PHASE_STRIP = YES;
				ENABLE_NS_ASSERTIONS = NO;
				ENABLE_STRICT_OBJC_MSGSEND = YES;
				GCC_C_LANGUAGE_STANDARD = gnu99;
				GCC_WARN_64_TO_32_BIT_CONVERSION = YES;
				GCC_WARN_ABOUT_RETURN_TYPE = YES_ERROR;
				GCC_WARN_UNDECLARED_SELECTOR = YES;
				GCC_WARN_UNINITIALIZED_AUTOS = YES_AGGRESSIVE;
				GCC_WARN_UNUSED_FUNCTION = YES;
				GCC_WARN_UNUSED_VARIABLE = YES;
				IPHONEOS_DEPLOYMENT_TARGET = 8.0;
				MTL_ENABLE_DEBUG_INFO = NO;
				SDKROOT = iphoneos;
				VALIDATE_PRODUCT = YES;
			};
			name = Release;
		};
		3F4CEAD31A4125AE00B30521 /* Debug */ = {
			isa = XCBuildConfiguration;
			buildSettings = {
				ASSETCATALOG_COMPILER_APPICON_NAME = AppIcon;
				INFOPLIST_FILE = Exam1_55011212169/Info.plist;
				LD_RUNPATH_SEARCH_PATHS = "$(inherited) @executable_path/Frameworks";
				PRODUCT_NAME = "$(TARGET_NAME)";
			};
			name = Debug;
		};
		3F4CEAD41A4125AE00B30521 /* Release */ = {
			isa = XCBuildConfiguration;
			buildSettings = {
				ASSETCATALOG_COMPILER_APPICON_NAME = AppIcon;
				INFOPLIST_FILE = Exam1_55011212169/Info.plist;
				LD_RUNPATH_SEARCH_PATHS = "$(inherited) @executable_path/Frameworks";
				PRODUCT_NAME = "$(TARGET_NAME)";
			};
			name = Release;
		};
		3F4CEAD61A4125AE00B30521 /* Debug */ = {
			isa = XCBuildConfiguration;
			buildSettings = {
				BUNDLE_LOADER = "$(TEST_HOST)";
				FRAMEWORK_SEARCH_PATHS = (
					"$(SDKROOT)/Developer/Library/Frameworks",
					"$(inherited)",
				);
				GCC_PREPROCESSOR_DEFINITIONS = (
					"DEBUG=1",
					"$(inherited)",
				);
				INFOPLIST_FILE = Exam1_55011212169Tests/Info.plist;
				LD_RUNPATH_SEARCH_PATHS = "$(inherited) @executable_path/Frameworks @loader_path/Frameworks";
				PRODUCT_NAME = "$(TARGET_NAME)";
				TEST_HOST = "$(BUILT_PRODUCTS_DIR)/Exam1_55011212169.app/Exam1_55011212169";
			};
			name = Debug;
		};
		3F4CEAD71A4125AE00B30521 /* Release */ = {
			isa = XCBuildConfiguration;
			buildSettings = {
				BUNDLE_LOADER = "$(TEST_HOST)";
				FRAMEWORK_SEARCH_PATHS = (
					"$(SDKROOT)/Developer/Library/Frameworks",
					"$(inherited)",
				);
				INFOPLIST_FILE = Exam1_55011212169Tests/Info.plist;
				LD_RUNPATH_SEARCH_PATHS = "$(inherited) @executable_path/Frameworks @loader_path/Frameworks";
				PRODUCT_NAME = "$(TARGET_NAME)";
				TEST_HOST = "$(BUILT_PRODUCTS_DIR)/Exam1_55011212169.app/Exam1_55011212169";
			};
			name = Release;
		};
/* End XCBuildConfiguration section */

/* Begin XCConfigurationList section */
		3F4CEAAB1A4125AD00B30521 /* Build configuration list for PBXProject "Exam1_55011212169" */ = {
			isa = XCConfigurationList;
			buildConfigurations = (
				3F4CEAD01A4125AE00B30521 /* Debug */,
				3F4CEAD11A4125AE00B30521 /* Release */,
			);
			defaultConfigurationIsVisible = 0;
			defaultConfigurationName = Release;
		};
		3F4CEAD21A4125AE00B30521 /* Build configuration list for PBXNativeTarget "Exam1_55011212169" */ = {
			isa = XCConfigurationList;
			buildConfigurations = (
				3F4CEAD31A4125AE00B30521 /* Debug */,
				3F4CEAD41A4125AE00B30521 /* Release */,
			);
			defaultConfigurationIsVisible = 0;
		};
		3F4CEAD51A4125AE00B30521 /* Build configuration list for PBXNativeTarget "Exam1_55011212169Tests" */ = {
			isa = XCConfigurationList;
			buildConfigurations = (
				3F4CEAD61A4125AE00B30521 /* Debug */,
				3F4CEAD71A4125AE00B30521 /* Release */,
			);
			defaultConfigurationIsVisible = 0;
		};
/* End XCConfigurationList section */

/* Begin XCVersionGroup section */
		3F4CEAB71A4125AD00B30521 /* Exam1_55011212169.xcdatamodeld */ = {
			isa = XCVersionGroup;
			children = (
				3F4CEAB81A4125AD00B30521 /* Exam1_55011212169.xcdatamodel */,
			);
			currentVersion = 3F4CEAB81A4125AD00B30521 /* Exam1_55011212169.xcdatamodel */;
			path = Exam1_55011212169.xcdatamodeld;
			sourceTree = "<group>";
			versionGroupType = wrapper.xcdatamodel;
		};
/* End XCVersionGroup section */
	};
	rootObject = 3F4CEAA81A4125AD00B30521 /* Project object */;
}
