// !$*UTF8*$!
{
	archiveVersion = 1;
	classes = {
	};
	objectVersion = 46;
	objects = {

/* Begin PBXBuildFile section */
		3F1C4C431A0CBA3B00203863 /* AppDelegate.swift in Sources */ = {isa = PBXBuildFile; fileRef = 3F1C4C421A0CBA3B00203863 /* AppDelegate.swift */; };
		3F1C4C461A0CBA3B00203863 /* lab1.xcdatamodeld in Sources */ = {isa = PBXBuildFile; fileRef = 3F1C4C441A0CBA3B00203863 /* lab1.xcdatamodeld */; };
		3F1C4C481A0CBA3B00203863 /* ViewController.swift in Sources */ = {isa = PBXBuildFile; fileRef = 3F1C4C471A0CBA3B00203863 /* ViewController.swift */; };
		3F1C4C4B1A0CBA3B00203863 /* Main.storyboard in Resources */ = {isa = PBXBuildFile; fileRef = 3F1C4C491A0CBA3B00203863 /* Main.storyboard */; };
		3F1C4C4D1A0CBA3B00203863 /* Images.xcassets in Resources */ = {isa = PBXBuildFile; fileRef = 3F1C4C4C1A0CBA3B00203863 /* Images.xcassets */; };
		3F1C4C501A0CBA3B00203863 /* LaunchScreen.xib in Resources */ = {isa = PBXBuildFile; fileRef = 3F1C4C4E1A0CBA3B00203863 /* LaunchScreen.xib */; };
		3F1C4C5C1A0CBA3B00203863 /* lab1Tests.swift in Sources */ = {isa = PBXBuildFile; fileRef = 3F1C4C5B1A0CBA3B00203863 /* lab1Tests.swift */; };
		3F9B6D291A0CC9FB00416EF0 /* blue-fish.png in Resources */ = {isa = PBXBuildFile; fileRef = 3F9B6D281A0CC9FB00416EF0 /* blue-fish.png */; };
/* End PBXBuildFile section */

/* Begin PBXContainerItemProxy section */
		3F1C4C561A0CBA3B00203863 /* PBXContainerItemProxy */ = {
			isa = PBXContainerItemProxy;
			containerPortal = 3F1C4C351A0CBA3B00203863 /* Project object */;
			proxyType = 1;
			remoteGlobalIDString = 3F1C4C3C1A0CBA3B00203863;
			remoteInfo = lab1;
		};
/* End PBXContainerItemProxy section */

/* Begin PBXFileReference section */
		3F1C4C3D1A0CBA3B00203863 /* lab1.app */ = {isa = PBXFileReference; explicitFileType = wrapper.application; includeInIndex = 0; path = lab1.app; sourceTree = BUILT_PRODUCTS_DIR; };
		3F1C4C411A0CBA3B00203863 /* Info.plist */ = {isa = PBXFileReference; lastKnownFileType = text.plist.xml; path = Info.plist; sourceTree = "<group>"; };
		3F1C4C421A0CBA3B00203863 /* AppDelegate.swift */ = {isa = PBXFileReference; lastKnownFileType = sourcecode.swift; path = AppDelegate.swift; sourceTree = "<group>"; };
		3F1C4C451A0CBA3B00203863 /* lab1.xcdatamodel */ = {isa = PBXFileReference; lastKnownFileType = wrapper.xcdatamodel; path = lab1.xcdatamodel; sourceTree = "<group>"; };
		3F1C4C471A0CBA3B00203863 /* ViewController.swift */ = {isa = PBXFileReference; lastKnownFileType = sourcecode.swift; path = ViewController.swift; sourceTree = "<group>"; };
		3F1C4C4A1A0CBA3B00203863 /* Base */ = {isa = PBXFileReference; lastKnownFileType = file.storyboard; name = Base; path = Base.lproj/Main.storyboard; sourceTree = "<group>"; };
		3F1C4C4C1A0CBA3B00203863 /* Images.xcassets */ = {isa = PBXFileReference; lastKnownFileType = folder.assetcatalog; path = Images.xcassets; sourceTree = "<group>"; };
		3F1C4C4F1A0CBA3B00203863 /* Base */ = {isa = PBXFileReference; lastKnownFileType = file.xib; name = Base; path = Base.lproj/LaunchScreen.xib; sourceTree = "<group>"; };
		3F1C4C551A0CBA3B00203863 /* lab1Tests.xctest */ = {isa = PBXFileReference; explicitFileType = wrapper.cfbundle; includeInIndex = 0; path = lab1Tests.xctest; sourceTree = BUILT_PRODUCTS_DIR; };
		3F1C4C5A1A0CBA3B00203863 /* Info.plist */ = {isa = PBXFileReference; lastKnownFileType = text.plist.xml; path = Info.plist; sourceTree = "<group>"; };
		3F1C4C5B1A0CBA3B00203863 /* lab1Tests.swift */ = {isa = PBXFileReference; lastKnownFileType = sourcecode.swift; path = lab1Tests.swift; sourceTree = "<group>"; };
		3F9B6D281A0CC9FB00416EF0 /* blue-fish.png */ = {isa = PBXFileReference; lastKnownFileType = image.png; path = "blue-fish.png"; sourceTree = "<group>"; };
/* End PBXFileReference section */

/* Begin PBXFrameworksBuildPhase section */
		3F1C4C3A1A0CBA3B00203863 /* Frameworks */ = {
			isa = PBXFrameworksBuildPhase;
			buildActionMask = 2147483647;
			files = (
			);
			runOnlyForDeploymentPostprocessing = 0;
		};
		3F1C4C521A0CBA3B00203863 /* Frameworks */ = {
			isa = PBXFrameworksBuildPhase;
			buildActionMask = 2147483647;
			files = (
			);
			runOnlyForDeploymentPostprocessing = 0;
		};
/* End PBXFrameworksBuildPhase section */

/* Begin PBXGroup section */
		3F1C4C341A0CBA3B00203863 = {
			isa = PBXGroup;
			children = (
				3F1C4C3F1A0CBA3B00203863 /* lab1 */,
				3F1C4C581A0CBA3B00203863 /* lab1Tests */,
				3F1C4C3E1A0CBA3B00203863 /* Products */,
			);
			sourceTree = "<group>";
		};
		3F1C4C3E1A0CBA3B00203863 /* Products */ = {
			isa = PBXGroup;
			children = (
				3F1C4C3D1A0CBA3B00203863 /* lab1.app */,
				3F1C4C551A0CBA3B00203863 /* lab1Tests.xctest */,
			);
			name = Products;
			sourceTree = "<group>";
		};
		3F1C4C3F1A0CBA3B00203863 /* lab1 */ = {
			isa = PBXGroup;
			children = (
				3F1C4C421A0CBA3B00203863 /* AppDelegate.swift */,
				3F1C4C471A0CBA3B00203863 /* ViewController.swift */,
				3F1C4C491A0CBA3B00203863 /* Main.storyboard */,
				3F1C4C4C1A0CBA3B00203863 /* Images.xcassets */,
				3F1C4C4E1A0CBA3B00203863 /* LaunchScreen.xib */,
				3F1C4C441A0CBA3B00203863 /* lab1.xcdatamodeld */,
				3F1C4C401A0CBA3B00203863 /* Supporting Files */,
			);
			path = lab1;
			sourceTree = "<group>";
		};
		3F1C4C401A0CBA3B00203863 /* Supporting Files */ = {
			isa = PBXGroup;
			children = (
				3F9B6D281A0CC9FB00416EF0 /* blue-fish.png */,
				3F1C4C411A0CBA3B00203863 /* Info.plist */,
			);
			name = "Supporting Files";
			sourceTree = "<group>";
		};
		3F1C4C581A0CBA3B00203863 /* lab1Tests */ = {
			isa = PBXGroup;
			children = (
				3F1C4C5B1A0CBA3B00203863 /* lab1Tests.swift */,
				3F1C4C591A0CBA3B00203863 /* Supporting Files */,
			);
			path = lab1Tests;
			sourceTree = "<group>";
		};
		3F1C4C591A0CBA3B00203863 /* Supporting Files */ = {
			isa = PBXGroup;
			children = (
				3F1C4C5A1A0CBA3B00203863 /* Info.plist */,
			);
			name = "Supporting Files";
			sourceTree = "<group>";
		};
/* End PBXGroup section */

/* Begin PBXNativeTarget section */
		3F1C4C3C1A0CBA3B00203863 /* lab1 */ = {
			isa = PBXNativeTarget;
			buildConfigurationList = 3F1C4C5F1A0CBA3B00203863 /* Build configuration list for PBXNativeTarget "lab1" */;
			buildPhases = (
				3F1C4C391A0CBA3B00203863 /* Sources */,
				3F1C4C3A1A0CBA3B00203863 /* Frameworks */,
				3F1C4C3B1A0CBA3B00203863 /* Resources */,
			);
			buildRules = (
			);
			dependencies = (
			);
			name = lab1;
			productName = lab1;
			productReference = 3F1C4C3D1A0CBA3B00203863 /* lab1.app */;
			productType = "com.apple.product-type.application";
		};
		3F1C4C541A0CBA3B00203863 /* lab1Tests */ = {
			isa = PBXNativeTarget;
			buildConfigurationList = 3F1C4C621A0CBA3B00203863 /* Build configuration list for PBXNativeTarget "lab1Tests" */;
			buildPhases = (
				3F1C4C511A0CBA3B00203863 /* Sources */,
				3F1C4C521A0CBA3B00203863 /* Frameworks */,
				3F1C4C531A0CBA3B00203863 /* Resources */,
			);
			buildRules = (
			);
			dependencies = (
				3F1C4C571A0CBA3B00203863 /* PBXTargetDependency */,
			);
			name = lab1Tests;
			productName = lab1Tests;
			productReference = 3F1C4C551A0CBA3B00203863 /* lab1Tests.xctest */;
			productType = "com.apple.product-type.bundle.unit-test";
		};
/* End PBXNativeTarget section */

/* Begin PBXProject section */
		3F1C4C351A0CBA3B00203863 /* Project object */ = {
			isa = PBXProject;
			attributes = {
				LastUpgradeCheck = 0600;
				ORGANIZATIONNAME = student;
				TargetAttributes = {
					3F1C4C3C1A0CBA3B00203863 = {
						CreatedOnToolsVersion = 6.0;
					};
					3F1C4C541A0CBA3B00203863 = {
						CreatedOnToolsVersion = 6.0;
						TestTargetID = 3F1C4C3C1A0CBA3B00203863;
					};
				};
			};
			buildConfigurationList = 3F1C4C381A0CBA3B00203863 /* Build configuration list for PBXProject "lab1" */;
			compatibilityVersion = "Xcode 3.2";
			developmentRegion = English;
			hasScannedForEncodings = 0;
			knownRegions = (
				en,
				Base,
			);
			mainGroup = 3F1C4C341A0CBA3B00203863;
			productRefGroup = 3F1C4C3E1A0CBA3B00203863 /* Products */;
			projectDirPath = "";
			projectRoot = "";
			targets = (
				3F1C4C3C1A0CBA3B00203863 /* lab1 */,
				3F1C4C541A0CBA3B00203863 /* lab1Tests */,
			);
		};
/* End PBXProject section */

/* Begin PBXResourcesBuildPhase section */
		3F1C4C3B1A0CBA3B00203863 /* Resources */ = {
			isa = PBXResourcesBuildPhase;
			buildActionMask = 2147483647;
			files = (
				3F1C4C4B1A0CBA3B00203863 /* Main.storyboard in Resources */,
				3F1C4C501A0CBA3B00203863 /* LaunchScreen.xib in Resources */,
				3F1C4C4D1A0CBA3B00203863 /* Images.xcassets in Resources */,
				3F9B6D291A0CC9FB00416EF0 /* blue-fish.png in Resources */,
			);
			runOnlyForDeploymentPostprocessing = 0;
		};
		3F1C4C531A0CBA3B00203863 /* Resources */ = {
			isa = PBXResourcesBuildPhase;
			buildActionMask = 2147483647;
			files = (
			);
			runOnlyForDeploymentPostprocessing = 0;
		};
/* End PBXResourcesBuildPhase section */

/* Begin PBXSourcesBuildPhase section */
		3F1C4C391A0CBA3B00203863 /* Sources */ = {
			isa = PBXSourcesBuildPhase;
			buildActionMask = 2147483647;
			files = (
				3F1C4C481A0CBA3B00203863 /* ViewController.swift in Sources */,
				3F1C4C431A0CBA3B00203863 /* AppDelegate.swift in Sources */,
				3F1C4C461A0CBA3B00203863 /* lab1.xcdatamodeld in Sources */,
			);
			runOnlyForDeploymentPostprocessing = 0;
		};
		3F1C4C511A0CBA3B00203863 /* Sources */ = {
			isa = PBXSourcesBuildPhase;
			buildActionMask = 2147483647;
			files = (
				3F1C4C5C1A0CBA3B00203863 /* lab1Tests.swift in Sources */,
			);
			runOnlyForDeploymentPostprocessing = 0;
		};
/* End PBXSourcesBuildPhase section */

/* Begin PBXTargetDependency section */
		3F1C4C571A0CBA3B00203863 /* PBXTargetDependency */ = {
			isa = PBXTargetDependency;
			target = 3F1C4C3C1A0CBA3B00203863 /* lab1 */;
			targetProxy = 3F1C4C561A0CBA3B00203863 /* PBXContainerItemProxy */;
		};
/* End PBXTargetDependency section */

/* Begin PBXVariantGroup section */
		3F1C4C491A0CBA3B00203863 /* Main.storyboard */ = {
			isa = PBXVariantGroup;
			children = (
				3F1C4C4A1A0CBA3B00203863 /* Base */,
			);
			name = Main.storyboard;
			sourceTree = "<group>";
		};
		3F1C4C4E1A0CBA3B00203863 /* LaunchScreen.xib */ = {
			isa = PBXVariantGroup;
			children = (
				3F1C4C4F1A0CBA3B00203863 /* Base */,
			);
			name = LaunchScreen.xib;
			sourceTree = "<group>";
		};
/* End PBXVariantGroup section */

/* Begin XCBuildConfiguration section */
		3F1C4C5D1A0CBA3B00203863 /* Debug */ = {
			isa = XCBuildConfiguration;
			buildSettings = {
				ALWAYS_SEARCH_USER_PATHS = NO;
				CLANG_CXX_LANGUAGE_STANDARD = "gnu++0x";
				CLANG_CXX_LIBRARY = "libc++";
				CLANG_ENABLE_MODULES = YES;
				CLANG_ENABLE_OBJC_ARC = YES;
				CLANG_WARN_BOOL_CONVERSION = YES;
				CLANG_WARN_CONSTANT_CONVERSION = YES;
				CLANG_WARN_DIRECT_OBJC_ISA_USAGE = YES_ERROR;
				CLANG_WARN_EMPTY_BODY = YES;
				CLANG_WARN_ENUM_CONVERSION = YES;
				CLANG_WARN_INT_CONVERSION = YES;
				CLANG_WARN_OBJC_ROOT_CLASS = YES_ERROR;
				CLANG_WARN_UNREACHABLE_CODE = YES;
				CLANG_WARN__DUPLICATE_METHOD_MATCH = YES;
				"CODE_SIGN_IDENTITY[sdk=iphoneos*]" = "iPhone Developer";
				COPY_PHASE_STRIP = NO;
				ENABLE_STRICT_OBJC_MSGSEND = YES;
				GCC_C_LANGUAGE_STANDARD = gnu99;
				GCC_DYNAMIC_NO_PIC = NO;
				GCC_OPTIMIZATION_LEVEL = 0;
				GCC_PREPROCESSOR_DEFINITIONS = (
					"DEBUG=1",
					"$(inherited)",
				);
				GCC_SYMBOLS_PRIVATE_EXTERN = NO;
				GCC_WARN_64_TO_32_BIT_CONVERSION = YES;
				GCC_WARN_ABOUT_RETURN_TYPE = YES_ERROR;
				GCC_WARN_UNDECLARED_SELECTOR = YES;
				GCC_WARN_UNINITIALIZED_AUTOS = YES_AGGRESSIVE;
				GCC_WARN_UNUSED_FUNCTION = YES;
				GCC_WARN_UNUSED_VARIABLE = YES;
				IPHONEOS_DEPLOYMENT_TARGET = 8.0;
				MTL_ENABLE_DEBUG_INFO = YES;
				ONLY_ACTIVE_ARCH = YES;
				SDKROOT = iphoneos;
				SWIFT_OPTIMIZATION_LEVEL = "-Onone";
			};
			name = Debug;
		};
		3F1C4C5E1A0CBA3B00203863 /* Release */ = {
			isa = XCBuildConfiguration;
			buildSettings = {
				ALWAYS_SEARCH_USER_PATHS = NO;
				CLANG_CXX_LANGUAGE_STANDARD = "gnu++0x";
				CLANG_CXX_LIBRARY = "libc++";
				CLANG_ENABLE_MODULES = YES;
				CLANG_ENABLE_OBJC_ARC = YES;
				CLANG_WARN_BOOL_CONVERSION = YES;
				CLANG_WARN_CONSTANT_CONVERSION = YES;
				CLANG_WARN_DIRECT_OBJC_ISA_USAGE = YES_ERROR;
				CLANG_WARN_EMPTY_BODY = YES;
				CLANG_WARN_ENUM_CONVERSION = YES;
				CLANG_WARN_INT_CONVERSION = YES;
				CLANG_WARN_OBJC_ROOT_CLASS = YES_ERROR;
				CLANG_WARN_UNREACHABLE_CODE = YES;
				CLANG_WARN__DUPLICATE_METHOD_MATCH = YES;
				"CODE_SIGN_IDENTITY[sdk=iphoneos*]" = "iPhone Developer";
				COPY_PHASE_STRIP = YES;
				ENABLE_NS_ASSERTIONS = NO;
				ENABLE_STRICT_OBJC_MSGSEND = YES;
				GCC_C_LANGUAGE_STANDARD = gnu99;
				GCC_WARN_64_TO_32_BIT_CONVERSION = YES;
				GCC_WARN_ABOUT_RETURN_TYPE = YES_ERROR;
				GCC_WARN_UNDECLARED_SELECTOR = YES;
				GCC_WARN_UNINITIALIZED_AUTOS = YES_AGGRESSIVE;
				GCC_WARN_UNUSED_FUNCTION = YES;
				GCC_WARN_UNUSED_VARIABLE = YES;
				IPHONEOS_DEPLOYMENT_TARGET = 8.0;
				MTL_ENABLE_DEBUG_INFO = NO;
				SDKROOT = iphoneos;
				VALIDATE_PRODUCT = YES;
			};
			name = Release;
		};
		3F1C4C601A0CBA3B00203863 /* Debug */ = {
			isa = XCBuildConfiguration;
			buildSettings = {
				ASSETCATALOG_COMPILER_APPICON_NAME = AppIcon;
				INFOPLIST_FILE = lab1/Info.plist;
				LD_RUNPATH_SEARCH_PATHS = "$(inherited) @executable_path/Frameworks";
				PRODUCT_NAME = "$(TARGET_NAME)";
			};
			name = Debug;
		};
		3F1C4C611A0CBA3B00203863 /* Release */ = {
			isa = XCBuildConfiguration;
			buildSettings = {
				ASSETCATALOG_COMPILER_APPICON_NAME = AppIcon;
				INFOPLIST_FILE = lab1/Info.plist;
				LD_RUNPATH_SEARCH_PATHS = "$(inherited) @executable_path/Frameworks";
				PRODUCT_NAME = "$(TARGET_NAME)";
			};
			name = Release;
		};
		3F1C4C631A0CBA3B00203863 /* Debug */ = {
			isa = XCBuildConfiguration;
			buildSettings = {
				BUNDLE_LOADER = "$(TEST_HOST)";
				FRAMEWORK_SEARCH_PATHS = (
					"$(SDKROOT)/Developer/Library/Frameworks",
					"$(inherited)",
				);
				GCC_PREPROCESSOR_DEFINITIONS = (
					"DEBUG=1",
					"$(inherited)",
				);
				INFOPLIST_FILE = lab1Tests/Info.plist;
				LD_RUNPATH_SEARCH_PATHS = "$(inherited) @executable_path/Frameworks @loader_path/Frameworks";
				PRODUCT_NAME = "$(TARGET_NAME)";
				TEST_HOST = "$(BUILT_PRODUCTS_DIR)/lab1.app/lab1";
			};
			name = Debug;
		};
		3F1C4C641A0CBA3B00203863 /* Release */ = {
			isa = XCBuildConfiguration;
			buildSettings = {
				BUNDLE_LOADER = "$(TEST_HOST)";
				FRAMEWORK_SEARCH_PATHS = (
					"$(SDKROOT)/Developer/Library/Frameworks",
					"$(inherited)",
				);
				INFOPLIST_FILE = lab1Tests/Info.plist;
				LD_RUNPATH_SEARCH_PATHS = "$(inherited) @executable_path/Frameworks @loader_path/Frameworks";
				PRODUCT_NAME = "$(TARGET_NAME)";
				TEST_HOST = "$(BUILT_PRODUCTS_DIR)/lab1.app/lab1";
			};
			name = Release;
		};
/* End XCBuildConfiguration section */

/* Begin XCConfigurationList section */
		3F1C4C381A0CBA3B00203863 /* Build configuration list for PBXProject "lab1" */ = {
			isa = XCConfigurationList;
			buildConfigurations = (
				3F1C4C5D1A0CBA3B00203863 /* Debug */,
				3F1C4C5E1A0CBA3B00203863 /* Release */,
			);
			defaultConfigurationIsVisible = 0;
			defaultConfigurationName = Release;
		};
		3F1C4C5F1A0CBA3B00203863 /* Build configuration list for PBXNativeTarget "lab1" */ = {
			isa = XCConfigurationList;
			buildConfigurations = (
				3F1C4C601A0CBA3B00203863 /* Debug */,
				3F1C4C611A0CBA3B00203863 /* Release */,
			);
			defaultConfigurationIsVisible = 0;
			defaultConfigurationName = Release;
		};
		3F1C4C621A0CBA3B00203863 /* Build configuration list for PBXNativeTarget "lab1Tests" */ = {
			isa = XCConfigurationList;
			buildConfigurations = (
				3F1C4C631A0CBA3B00203863 /* Debug */,
				3F1C4C641A0CBA3B00203863 /* Release */,
			);
			defaultConfigurationIsVisible = 0;
			defaultConfigurationName = Release;
		};
/* End XCConfigurationList section */

/* Begin XCVersionGroup section */
		3F1C4C441A0CBA3B00203863 /* lab1.xcdatamodeld */ = {
			isa = XCVersionGroup;
			children = (
				3F1C4C451A0CBA3B00203863 /* lab1.xcdatamodel */,
			);
			currentVersion = 3F1C4C451A0CBA3B00203863 /* lab1.xcdatamodel */;
			path = lab1.xcdatamodeld;
			sourceTree = "<group>";
			versionGroupType = wrapper.xcdatamodel;
		};
/* End XCVersionGroup section */
	};
	rootObject = 3F1C4C351A0CBA3B00203863 /* Project object */;
}
